// !$*UTF8*$!
{
	archiveVersion = 1;
	classes = {
	};
	objectVersion = 50;
	objects = {

/* Begin PBXBuildFile section */
		6029E98B2328D90400832C56 /* GCDViewController.m in Sources */ = {isa = PBXBuildFile; fileRef = 6029E98A2328D90400832C56 /* GCDViewController.m */; };
		607E95F82325C94E002D51B8 /* AppDelegate.swift in Sources */ = {isa = PBXBuildFile; fileRef = 607E95F72325C94E002D51B8 /* AppDelegate.swift */; };
		607E95FA2325C94E002D51B8 /* ViewController.swift in Sources */ = {isa = PBXBuildFile; fileRef = 607E95F92325C94E002D51B8 /* ViewController.swift */; };
		607E95FD2325C94E002D51B8 /* Main.storyboard in Resources */ = {isa = PBXBuildFile; fileRef = 607E95FB2325C94E002D51B8 /* Main.storyboard */; };
		607E95FF2325C94F002D51B8 /* Assets.xcassets in Resources */ = {isa = PBXBuildFile; fileRef = 607E95FE2325C94F002D51B8 /* Assets.xcassets */; };
		607E96022325C94F002D51B8 /* LaunchScreen.storyboard in Resources */ = {isa = PBXBuildFile; fileRef = 607E96002325C94F002D51B8 /* LaunchScreen.storyboard */; };
		607E960D2325C94F002D51B8 /* GCD_FB_InterviewProjectTests.swift in Sources */ = {isa = PBXBuildFile; fileRef = 607E960C2325C94F002D51B8 /* GCD_FB_InterviewProjectTests.swift */; };
		607E96182325C94F002D51B8 /* GCD_FB_InterviewProjectUITests.swift in Sources */ = {isa = PBXBuildFile; fileRef = 607E96172325C94F002D51B8 /* GCD_FB_InterviewProjectUITests.swift */; };
/* End PBXBuildFile section */

/* Begin PBXContainerItemProxy section */
		607E96092325C94F002D51B8 /* PBXContainerItemProxy */ = {
			isa = PBXContainerItemProxy;
			containerPortal = 607E95EC2325C94E002D51B8 /* Project object */;
			proxyType = 1;
			remoteGlobalIDString = 607E95F32325C94E002D51B8;
			remoteInfo = "GCD-FB-InterviewProject";
		};
		607E96142325C94F002D51B8 /* PBXContainerItemProxy */ = {
			isa = PBXContainerItemProxy;
			containerPortal = 607E95EC2325C94E002D51B8 /* Project object */;
			proxyType = 1;
			remoteGlobalIDString = 607E95F32325C94E002D51B8;
			remoteInfo = "GCD-FB-InterviewProject";
		};
/* End PBXContainerItemProxy section */

/* Begin PBXFileReference section */
		6029E9882328D90300832C56 /* GCD-FB-InterviewProject-Bridging-Header.h */ = {isa = PBXFileReference; lastKnownFileType = sourcecode.c.h; path = "GCD-FB-InterviewProject-Bridging-Header.h"; sourceTree = "<group>"; };
		6029E9892328D90400832C56 /* GCDViewController.h */ = {isa = PBXFileReference; lastKnownFileType = sourcecode.c.h; path = GCDViewController.h; sourceTree = "<group>"; };
		6029E98A2328D90400832C56 /* GCDViewController.m */ = {isa = PBXFileReference; lastKnownFileType = sourcecode.c.objc; path = GCDViewController.m; sourceTree = "<group>"; };
		607E95F42325C94E002D51B8 /* GCD-FB-InterviewProject.app */ = {isa = PBXFileReference; explicitFileType = wrapper.application; includeInIndex = 0; path = "GCD-FB-InterviewProject.app"; sourceTree = BUILT_PRODUCTS_DIR; };
		607E95F72325C94E002D51B8 /* AppDelegate.swift */ = {isa = PBXFileReference; lastKnownFileType = sourcecode.swift; path = AppDelegate.swift; sourceTree = "<group>"; };
		607E95F92325C94E002D51B8 /* ViewController.swift */ = {isa = PBXFileReference; lastKnownFileType = sourcecode.swift; path = ViewController.swift; sourceTree = "<group>"; };
		607E95FC2325C94E002D51B8 /* Base */ = {isa = PBXFileReference; lastKnownFileType = file.storyboard; name = Base; path = Base.lproj/Main.storyboard; sourceTree = "<group>"; };
		607E95FE2325C94F002D51B8 /* Assets.xcassets */ = {isa = PBXFileReference; lastKnownFileType = folder.assetcatalog; path = Assets.xcassets; sourceTree = "<group>"; };
		607E96012325C94F002D51B8 /* Base */ = {isa = PBXFileReference; lastKnownFileType = file.storyboard; name = Base; path = Base.lproj/LaunchScreen.storyboard; sourceTree = "<group>"; };
		607E96032325C94F002D51B8 /* Info.plist */ = {isa = PBXFileReference; lastKnownFileType = text.plist.xml; path = Info.plist; sourceTree = "<group>"; };
		607E96082325C94F002D51B8 /* GCD-FB-InterviewProjectTests.xctest */ = {isa = PBXFileReference; explicitFileType = wrapper.cfbundle; includeInIndex = 0; path = "GCD-FB-InterviewProjectTests.xctest"; sourceTree = BUILT_PRODUCTS_DIR; };
		607E960C2325C94F002D51B8 /* GCD_FB_InterviewProjectTests.swift */ = {isa = PBXFileReference; lastKnownFileType = sourcecode.swift; path = GCD_FB_InterviewProjectTests.swift; sourceTree = "<group>"; };
		607E960E2325C94F002D51B8 /* Info.plist */ = {isa = PBXFileReference; lastKnownFileType = text.plist.xml; path = Info.plist; sourceTree = "<group>"; };
		607E96132325C94F002D51B8 /* GCD-FB-InterviewProjectUITests.xctest */ = {isa = PBXFileReference; explicitFileType = wrapper.cfbundle; includeInIndex = 0; path = "GCD-FB-InterviewProjectUITests.xctest"; sourceTree = BUILT_PRODUCTS_DIR; };
		607E96172325C94F002D51B8 /* GCD_FB_InterviewProjectUITests.swift */ = {isa = PBXFileReference; lastKnownFileType = sourcecode.swift; path = GCD_FB_InterviewProjectUITests.swift; sourceTree = "<group>"; };
		607E96192325C94F002D51B8 /* Info.plist */ = {isa = PBXFileReference; lastKnownFileType = text.plist.xml; path = Info.plist; sourceTree = "<group>"; };
/* End PBXFileReference section */

/* Begin PBXFrameworksBuildPhase section */
		607E95F12325C94E002D51B8 /* Frameworks */ = {
			isa = PBXFrameworksBuildPhase;
			buildActionMask = 2147483647;
			files = (
			);
			runOnlyForDeploymentPostprocessing = 0;
		};
		607E96052325C94F002D51B8 /* Frameworks */ = {
			isa = PBXFrameworksBuildPhase;
			buildActionMask = 2147483647;
			files = (
			);
			runOnlyForDeploymentPostprocessing = 0;
		};
		607E96102325C94F002D51B8 /* Frameworks */ = {
			isa = PBXFrameworksBuildPhase;
			buildActionMask = 2147483647;
			files = (
			);
			runOnlyForDeploymentPostprocessing = 0;
		};
/* End PBXFrameworksBuildPhase section */

/* Begin PBXGroup section */
		607E95EB2325C94E002D51B8 = {
			isa = PBXGroup;
			children = (
				607E95F62325C94E002D51B8 /* GCD-FB-InterviewProject */,
				607E960B2325C94F002D51B8 /* GCD-FB-InterviewProjectTests */,
				607E96162325C94F002D51B8 /* GCD-FB-InterviewProjectUITests */,
				607E95F52325C94E002D51B8 /* Products */,
			);
			sourceTree = "<group>";
		};
		607E95F52325C94E002D51B8 /* Products */ = {
			isa = PBXGroup;
			children = (
				607E95F42325C94E002D51B8 /* GCD-FB-InterviewProject.app */,
				607E96082325C94F002D51B8 /* GCD-FB-InterviewProjectTests.xctest */,
				607E96132325C94F002D51B8 /* GCD-FB-InterviewProjectUITests.xctest */,
			);
			name = Products;
			sourceTree = "<group>";
		};
		607E95F62325C94E002D51B8 /* GCD-FB-InterviewProject */ = {
			isa = PBXGroup;
			children = (
				607E95F72325C94E002D51B8 /* AppDelegate.swift */,
				607E95F92325C94E002D51B8 /* ViewController.swift */,
				6029E9892328D90400832C56 /* GCDViewController.h */,
				6029E98A2328D90400832C56 /* GCDViewController.m */,
				607E95FB2325C94E002D51B8 /* Main.storyboard */,
				607E95FE2325C94F002D51B8 /* Assets.xcassets */,
				607E96002325C94F002D51B8 /* LaunchScreen.storyboard */,
				607E96032325C94F002D51B8 /* Info.plist */,
				6029E9882328D90300832C56 /* GCD-FB-InterviewProject-Bridging-Header.h */,
			);
			path = "GCD-FB-InterviewProject";
			sourceTree = "<group>";
		};
		607E960B2325C94F002D51B8 /* GCD-FB-InterviewProjectTests */ = {
			isa = PBXGroup;
			children = (
				607E960C2325C94F002D51B8 /* GCD_FB_InterviewProjectTests.swift */,
				607E960E2325C94F002D51B8 /* Info.plist */,
			);
			path = "GCD-FB-InterviewProjectTests";
			sourceTree = "<group>";
		};
		607E96162325C94F002D51B8 /* GCD-FB-InterviewProjectUITests */ = {
			isa = PBXGroup;
			children = (
				607E96172325C94F002D51B8 /* GCD_FB_InterviewProjectUITests.swift */,
				607E96192325C94F002D51B8 /* Info.plist */,
			);
			path = "GCD-FB-InterviewProjectUITests";
			sourceTree = "<group>";
		};
/* End PBXGroup section */

/* Begin PBXNativeTarget section */
		607E95F32325C94E002D51B8 /* GCD-FB-InterviewProject */ = {
			isa = PBXNativeTarget;
			buildConfigurationList = 607E961C2325C94F002D51B8 /* Build configuration list for PBXNativeTarget "GCD-FB-InterviewProject" */;
			buildPhases = (
				607E95F02325C94E002D51B8 /* Sources */,
				607E95F12325C94E002D51B8 /* Frameworks */,
				607E95F22325C94E002D51B8 /* Resources */,
			);
			buildRules = (
			);
			dependencies = (
			);
			name = "GCD-FB-InterviewProject";
			productName = "GCD-FB-InterviewProject";
			productReference = 607E95F42325C94E002D51B8 /* GCD-FB-InterviewProject.app */;
			productType = "com.apple.product-type.application";
		};
		607E96072325C94F002D51B8 /* GCD-FB-InterviewProjectTests */ = {
			isa = PBXNativeTarget;
			buildConfigurationList = 607E961F2325C94F002D51B8 /* Build configuration list for PBXNativeTarget "GCD-FB-InterviewProjectTests" */;
			buildPhases = (
				607E96042325C94F002D51B8 /* Sources */,
				607E96052325C94F002D51B8 /* Frameworks */,
				607E96062325C94F002D51B8 /* Resources */,
			);
			buildRules = (
			);
			dependencies = (
				607E960A2325C94F002D51B8 /* PBXTargetDependency */,
			);
			name = "GCD-FB-InterviewProjectTests";
			productName = "GCD-FB-InterviewProjectTests";
			productReference = 607E96082325C94F002D51B8 /* GCD-FB-InterviewProjectTests.xctest */;
			productType = "com.apple.product-type.bundle.unit-test";
		};
		607E96122325C94F002D51B8 /* GCD-FB-InterviewProjectUITests */ = {
			isa = PBXNativeTarget;
			buildConfigurationList = 607E96222325C94F002D51B8 /* Build configuration list for PBXNativeTarget "GCD-FB-InterviewProjectUITests" */;
			buildPhases = (
				607E960F2325C94F002D51B8 /* Sources */,
				607E96102325C94F002D51B8 /* Frameworks */,
				607E96112325C94F002D51B8 /* Resources */,
			);
			buildRules = (
			);
			dependencies = (
				607E96152325C94F002D51B8 /* PBXTargetDependency */,
			);
			name = "GCD-FB-InterviewProjectUITests";
			productName = "GCD-FB-InterviewProjectUITests";
			productReference = 607E96132325C94F002D51B8 /* GCD-FB-InterviewProjectUITests.xctest */;
			productType = "com.apple.product-type.bundle.ui-testing";
		};
/* End PBXNativeTarget section */

/* Begin PBXProject section */
		607E95EC2325C94E002D51B8 /* Project object */ = {
			isa = PBXProject;
			attributes = {
				LastSwiftUpdateCheck = 1030;
				LastUpgradeCheck = 1030;
				ORGANIZATIONNAME = "Zhen Gong";
				TargetAttributes = {
					607E95F32325C94E002D51B8 = {
						CreatedOnToolsVersion = 10.3;
						LastSwiftMigration = 1030;
					};
					607E96072325C94F002D51B8 = {
						CreatedOnToolsVersion = 10.3;
						TestTargetID = 607E95F32325C94E002D51B8;
					};
					607E96122325C94F002D51B8 = {
						CreatedOnToolsVersion = 10.3;
						TestTargetID = 607E95F32325C94E002D51B8;
					};
				};
			};
			buildConfigurationList = 607E95EF2325C94E002D51B8 /* Build configuration list for PBXProject "GCD-FB-InterviewProject" */;
			compatibilityVersion = "Xcode 9.3";
			developmentRegion = en;
			hasScannedForEncodings = 0;
			knownRegions = (
				en,
				Base,
			);
			mainGroup = 607E95EB2325C94E002D51B8;
			productRefGroup = 607E95F52325C94E002D51B8 /* Products */;
			projectDirPath = "";
			projectRoot = "";
			targets = (
				607E95F32325C94E002D51B8 /* GCD-FB-InterviewProject */,
				607E96072325C94F002D51B8 /* GCD-FB-InterviewProjectTests */,
				607E96122325C94F002D51B8 /* GCD-FB-InterviewProjectUITests */,
			);
		};
/* End PBXProject section */

/* Begin PBXResourcesBuildPhase section */
		607E95F22325C94E002D51B8 /* Resources */ = {
			isa = PBXResourcesBuildPhase;
			buildActionMask = 2147483647;
			files = (
				607E96022325C94F002D51B8 /* LaunchScreen.storyboard in Resources */,
				607E95FF2325C94F002D51B8 /* Assets.xcassets in Resources */,
				607E95FD2325C94E002D51B8 /* Main.storyboard in Resources */,
			);
			runOnlyForDeploymentPostprocessing = 0;
		};
		607E96062325C94F002D51B8 /* Resources */ = {
			isa = PBXResourcesBuildPhase;
			buildActionMask = 2147483647;
			files = (
			);
			runOnlyForDeploymentPostprocessing = 0;
		};
		607E96112325C94F002D51B8 /* Resources */ = {
			isa = PBXResourcesBuildPhase;
			buildActionMask = 2147483647;
			files = (
			);
			runOnlyForDeploymentPostprocessing = 0;
		};
/* End PBXResourcesBuildPhase section */

/* Begin PBXSourcesBuildPhase section */
		607E95F02325C94E002D51B8 /* Sources */ = {
			isa = PBXSourcesBuildPhase;
			buildActionMask = 2147483647;
			files = (
				607E95FA2325C94E002D51B8 /* ViewController.swift in Sources */,
				6029E98B2328D90400832C56 /* GCDViewController.m in Sources */,
				607E95F82325C94E002D51B8 /* AppDelegate.swift in Sources */,
			);
			runOnlyForDeploymentPostprocessing = 0;
		};
		607E96042325C94F002D51B8 /* Sources */ = {
			isa = PBXSourcesBuildPhase;
			buildActionMask = 2147483647;
			files = (
				607E960D2325C94F002D51B8 /* GCD_FB_InterviewProjectTests.swift in Sources */,
			);
			runOnlyForDeploymentPostprocessing = 0;
		};
		607E960F2325C94F002D51B8 /* Sources */ = {
			isa = PBXSourcesBuildPhase;
			buildActionMask = 2147483647;
			files = (
				607E96182325C94F002D51B8 /* GCD_FB_InterviewProjectUITests.swift in Sources */,
			);
			runOnlyForDeploymentPostprocessing = 0;
		};
/* End PBXSourcesBuildPhase section */

/* Begin PBXTargetDependency section */
		607E960A2325C94F002D51B8 /* PBXTargetDependency */ = {
			isa = PBXTargetDependency;
			target = 607E95F32325C94E002D51B8 /* GCD-FB-InterviewProject */;
			targetProxy = 607E96092325C94F002D51B8 /* PBXContainerItemProxy */;
		};
		607E96152325C94F002D51B8 /* PBXTargetDependency */ = {
			isa = PBXTargetDependency;
			target = 607E95F32325C94E002D51B8 /* GCD-FB-InterviewProject */;
			targetProxy = 607E96142325C94F002D51B8 /* PBXContainerItemProxy */;
		};
/* End PBXTargetDependency section */

/* Begin PBXVariantGroup section */
		607E95FB2325C94E002D51B8 /* Main.storyboard */ = {
			isa = PBXVariantGroup;
			children = (
				607E95FC2325C94E002D51B8 /* Base */,
			);
			name = Main.storyboard;
			sourceTree = "<group>";
		};
		607E96002325C94F002D51B8 /* LaunchScreen.storyboard */ = {
			isa = PBXVariantGroup;
			children = (
				607E96012325C94F002D51B8 /* Base */,
			);
			name = LaunchScreen.storyboard;
			sourceTree = "<group>";
		};
/* End PBXVariantGroup section */

/* Begin XCBuildConfiguration section */
		607E961A2325C94F002D51B8 /* Debug */ = {
			isa = XCBuildConfiguration;
			buildSettings = {
				ALWAYS_SEARCH_USER_PATHS = NO;
				CLANG_ANALYZER_NONNULL = YES;
				CLANG_ANALYZER_NUMBER_OBJECT_CONVERSION = YES_AGGRESSIVE;
				CLANG_CXX_LANGUAGE_STANDARD = "gnu++14";
				CLANG_CXX_LIBRARY = "libc++";
				CLANG_ENABLE_MODULES = YES;
				CLANG_ENABLE_OBJC_ARC = YES;
				CLANG_ENABLE_OBJC_WEAK = YES;
				CLANG_WARN_BLOCK_CAPTURE_AUTORELEASING = YES;
				CLANG_WARN_BOOL_CONVERSION = YES;
				CLANG_WARN_COMMA = YES;
				CLANG_WARN_CONSTANT_CONVERSION = YES;
				CLANG_WARN_DEPRECATED_OBJC_IMPLEMENTATIONS = YES;
				CLANG_WARN_DIRECT_OBJC_ISA_USAGE = YES_ERROR;
				CLANG_WARN_DOCUMENTATION_COMMENTS = YES;
				CLANG_WARN_EMPTY_BODY = YES;
				CLANG_WARN_ENUM_CONVERSION = YES;
				CLANG_WARN_INFINITE_RECURSION = YES;
				CLANG_WARN_INT_CONVERSION = YES;
				CLANG_WARN_NON_LITERAL_NULL_CONVERSION = YES;
				CLANG_WARN_OBJC_IMPLICIT_RETAIN_SELF = YES;
				CLANG_WARN_OBJC_LITERAL_CONVERSION = YES;
				CLANG_WARN_OBJC_ROOT_CLASS = YES_ERROR;
				CLANG_WARN_RANGE_LOOP_ANALYSIS = YES;
				CLANG_WARN_STRICT_PROTOTYPES = YES;
				CLANG_WARN_SUSPICIOUS_MOVE = YES;
				CLANG_WARN_UNGUARDED_AVAILABILITY = YES_AGGRESSIVE;
				CLANG_WARN_UNREACHABLE_CODE = YES;
				CLANG_WARN__DUPLICATE_METHOD_MATCH = YES;
				CODE_SIGN_IDENTITY = "iPhone Developer";
				COPY_PHASE_STRIP = NO;
				DEBUG_INFORMATION_FORMAT = dwarf;
				ENABLE_STRICT_OBJC_MSGSEND = YES;
				ENABLE_TESTABILITY = YES;
				GCC_C_LANGUAGE_STANDARD = gnu11;
				GCC_DYNAMIC_NO_PIC = NO;
				GCC_NO_COMMON_BLOCKS = YES;
				GCC_OPTIMIZATION_LEVEL = 0;
				GCC_PREPROCESSOR_DEFINITIONS = (
					"DEBUG=1",
					"$(inherited)",
				);
				GCC_WARN_64_TO_32_BIT_CONVERSION = YES;
				GCC_WARN_ABOUT_RETURN_TYPE = YES_ERROR;
				GCC_WARN_UNDECLARED_SELECTOR = YES;
				GCC_WARN_UNINITIALIZED_AUTOS = YES_AGGRESSIVE;
				GCC_WARN_UNUSED_FUNCTION = YES;
				GCC_WARN_UNUSED_VARIABLE = YES;
				IPHONEOS_DEPLOYMENT_TARGET = 12.4;
				MTL_ENABLE_DEBUG_INFO = INCLUDE_SOURCE;
				MTL_FAST_MATH = YES;
				ONLY_ACTIVE_ARCH = YES;
				SDKROOT = iphoneos;
				SWIFT_ACTIVE_COMPILATION_CONDITIONS = DEBUG;
				SWIFT_OPTIMIZATION_LEVEL = "-Onone";
			};
			name = Debug;
		};
		607E961B2325C94F002D51B8 /* Release */ = {
			isa = XCBuildConfiguration;
			buildSettings = {
				ALWAYS_SEARCH_USER_PATHS = NO;
				CLANG_ANALYZER_NONNULL = YES;
				CLANG_ANALYZER_NUMBER_OBJECT_CONVERSION = YES_AGGRESSIVE;
				CLANG_CXX_LANGUAGE_STANDARD = "gnu++14";
				CLANG_CXX_LIBRARY = "libc++";
				CLANG_ENABLE_MODULES = YES;
				CLANG_ENABLE_OBJC_ARC = YES;
				CLANG_ENABLE_OBJC_WEAK = YES;
				CLANG_WARN_BLOCK_CAPTURE_AUTORELEASING = YES;
				CLANG_WARN_BOOL_CONVERSION = YES;
				CLANG_WARN_COMMA = YES;
				CLANG_WARN_CONSTANT_CONVERSION = YES;
				CLANG_WARN_DEPRECATED_OBJC_IMPLEMENTATIONS = YES;
				CLANG_WARN_DIRECT_OBJC_ISA_USAGE = YES_ERROR;
				CLANG_WARN_DOCUMENTATION_COMMENTS = YES;
				CLANG_WARN_EMPTY_BODY = YES;
				CLANG_WARN_ENUM_CONVERSION = YES;
				CLANG_WARN_INFINITE_RECURSION = YES;
				CLANG_WARN_INT_CONVERSION = YES;
				CLANG_WARN_NON_LITERAL_NULL_CONVERSION = YES;
				CLANG_WARN_OBJC_IMPLICIT_RETAIN_SELF = YES;
				CLANG_WARN_OBJC_LITERAL_CONVERSION = YES;
				CLANG_WARN_OBJC_ROOT_CLASS = YES_ERROR;
				CLANG_WARN_RANGE_LOOP_ANALYSIS = YES;
				CLANG_WARN_STRICT_PROTOTYPES = YES;
				CLANG_WARN_SUSPICIOUS_MOVE = YES;
				CLANG_WARN_UNGUARDED_AVAILABILITY = YES_AGGRESSIVE;
				CLANG_WARN_UNREACHABLE_CODE = YES;
				CLANG_WARN__DUPLICATE_METHOD_MATCH = YES;
				CODE_SIGN_IDENTITY = "iPhone Developer";
				COPY_PHASE_STRIP = NO;
				DEBUG_INFORMATION_FORMAT = "dwarf-with-dsym";
				ENABLE_NS_ASSERTIONS = NO;
				ENABLE_STRICT_OBJC_MSGSEND = YES;
				GCC_C_LANGUAGE_STANDARD = gnu11;
				GCC_NO_COMMON_BLOCKS = YES;
				GCC_WARN_64_TO_32_BIT_CONVERSION = YES;
				GCC_WARN_ABOUT_RETURN_TYPE = YES_ERROR;
				GCC_WARN_UNDECLARED_SELECTOR = YES;
				GCC_WARN_UNINITIALIZED_AUTOS = YES_AGGRESSIVE;
				GCC_WARN_UNUSED_FUNCTION = YES;
				GCC_WARN_UNUSED_VARIABLE = YES;
				IPHONEOS_DEPLOYMENT_TARGET = 12.4;
				MTL_ENABLE_DEBUG_INFO = NO;
				MTL_FAST_MATH = YES;
				SDKROOT = iphoneos;
				SWIFT_COMPILATION_MODE = wholemodule;
				SWIFT_OPTIMIZATION_LEVEL = "-O";
				VALIDATE_PRODUCT = YES;
			};
			name = Release;
		};
		607E961D2325C94F002D51B8 /* Debug */ = {
			isa = XCBuildConfiguration;
			buildSettings = {
				ASSETCATALOG_COMPILER_APPICON_NAME = AppIcon;
				CLANG_ENABLE_MODULES = YES;
				CODE_SIGN_STYLE = Automatic;
				DEFINES_MODULE = YES;
				DEVELOPMENT_TEAM = G66RX9MATK;
				INFOPLIST_FILE = "GCD-FB-InterviewProject/Info.plist";
				LD_RUNPATH_SEARCH_PATHS = (
					"$(inherited)",
					"@executable_path/Frameworks",
				);
				PRODUCT_BUNDLE_IDENTIFIER = "com.gongzhen.GCD-FB-InterviewProject";
				PRODUCT_NAME = "$(TARGET_NAME)";
				SWIFT_OBJC_BRIDGING_HEADER = "GCD-FB-InterviewProject/GCD-FB-InterviewProject-Bridging-Header.h";
				SWIFT_OPTIMIZATION_LEVEL = "-Onone";
				SWIFT_VERSION = 5.0;
				TARGETED_DEVICE_FAMILY = "1,2";
			};
			name = Debug;
		};
		607E961E2325C94F002D51B8 /* Release */ = {
			isa = XCBuildConfiguration;
			buildSettings = {
				ASSETCATALOG_COMPILER_APPICON_NAME = AppIcon;
				CLANG_ENABLE_MODULES = YES;
				CODE_SIGN_STYLE = Automatic;
				DEFINES_MODULE = YES;
				DEVELOPMENT_TEAM = G66RX9MATK;
				INFOPLIST_FILE = "GCD-FB-InterviewProject/Info.plist";
				LD_RUNPATH_SEARCH_PATHS = (
					"$(inherited)",
					"@executable_path/Frameworks",
				);
				PRODUCT_BUNDLE_IDENTIFIER = "com.gongzhen.GCD-FB-InterviewProject";
				PRODUCT_NAME = "$(TARGET_NAME)";
				SWIFT_OBJC_BRIDGING_HEADER = "GCD-FB-InterviewProject/GCD-FB-InterviewProject-Bridging-Header.h";
				SWIFT_VERSION = 5.0;
				TARGETED_DEVICE_FAMILY = "1,2";
			};
			name = Release;
		};
		607E96202325C94F002D51B8 /* Debug */ = {
			isa = XCBuildConfiguration;
			buildSettings = {
				ALWAYS_EMBED_SWIFT_STANDARD_LIBRARIES = YES;
				BUNDLE_LOADER = "$(TEST_HOST)";
				CODE_SIGN_STYLE = Automatic;
				DEVELOPMENT_TEAM = G66RX9MATK;
				INFOPLIST_FILE = "GCD-FB-InterviewProjectTests/Info.plist";
				LD_RUNPATH_SEARCH_PATHS = (
					"$(inherited)",
					"@executable_path/Frameworks",
					"@loader_path/Frameworks",
				);
				PRODUCT_BUNDLE_IDENTIFIER = "com.gongzhen.GCD-FB-InterviewProjectTests";
				PRODUCT_NAME = "$(TARGET_NAME)";
				SWIFT_VERSION = 5.0;
				TARGETED_DEVICE_FAMILY = "1,2";
				TEST_HOST = "$(BUILT_PRODUCTS_DIR)/GCD-FB-InterviewProject.app/GCD-FB-InterviewProject";
			};
			name = Debug;
		};
		607E96212325C94F002D51B8 /* Release */ = {
			isa = XCBuildConfiguration;
			buildSettings = {
				ALWAYS_EMBED_SWIFT_STANDARD_LIBRARIES = YES;
				BUNDLE_LOADER = "$(TEST_HOST)";
				CODE_SIGN_STYLE = Automatic;
				DEVELOPMENT_TEAM = G66RX9MATK;
				INFOPLIST_FILE = "GCD-FB-InterviewProjectTests/Info.plist";
				LD_RUNPATH_SEARCH_PATHS = (
					"$(inherited)",
					"@executable_path/Frameworks",
					"@loader_path/Frameworks",
				);
				PRODUCT_BUNDLE_IDENTIFIER = "com.gongzhen.GCD-FB-InterviewProjectTests";
				PRODUCT_NAME = "$(TARGET_NAME)";
				SWIFT_VERSION = 5.0;
				TARGETED_DEVICE_FAMILY = "1,2";
				TEST_HOST = "$(BUILT_PRODUCTS_DIR)/GCD-FB-InterviewProject.app/GCD-FB-InterviewProject";
			};
			name = Release;
		};
		607E96232325C94F002D51B8 /* Debug */ = {
			isa = XCBuildConfiguration;
			buildSettings = {
				ALWAYS_EMBED_SWIFT_STANDARD_LIBRARIES = YES;
				CODE_SIGN_STYLE = Automatic;
				DEVELOPMENT_TEAM = G66RX9MATK;
				INFOPLIST_FILE = "GCD-FB-InterviewProjectUITests/Info.plist";
				LD_RUNPATH_SEARCH_PATHS = (
					"$(inherited)",
					"@executable_path/Frameworks",
					"@loader_path/Frameworks",
				);
				PRODUCT_BUNDLE_IDENTIFIER = "com.gongzhen.GCD-FB-InterviewProjectUITests";
				PRODUCT_NAME = "$(TARGET_NAME)";
				SWIFT_VERSION = 5.0;
				TARGETED_DEVICE_FAMILY = "1,2";
				TEST_TARGET_NAME = "GCD-FB-InterviewProject";
			};
			name = Debug;
		};
		607E96242325C94F002D51B8 /* Release */ = {
			isa = XCBuildConfiguration;
			buildSettings = {
				ALWAYS_EMBED_SWIFT_STANDARD_LIBRARIES = YES;
				CODE_SIGN_STYLE = Automatic;
				DEVELOPMENT_TEAM = G66RX9MATK;
				INFOPLIST_FILE = "GCD-FB-InterviewProjectUITests/Info.plist";
				LD_RUNPATH_SEARCH_PATHS = (
					"$(inherited)",
					"@executable_path/Frameworks",
					"@loader_path/Frameworks",
				);
				PRODUCT_BUNDLE_IDENTIFIER = "com.gongzhen.GCD-FB-InterviewProjectUITests";
				PRODUCT_NAME = "$(TARGET_NAME)";
				SWIFT_VERSION = 5.0;
				TARGETED_DEVICE_FAMILY = "1,2";
				TEST_TARGET_NAME = "GCD-FB-InterviewProject";
			};
			name = Release;
		};
/* End XCBuildConfiguration section */

/* Begin XCConfigurationList section */
		607E95EF2325C94E002D51B8 /* Build configuration list for PBXProject "GCD-FB-InterviewProject" */ = {
			isa = XCConfigurationList;
			buildConfigurations = (
				607E961A2325C94F002D51B8 /* Debug */,
				607E961B2325C94F002D51B8 /* Release */,
			);
			defaultConfigurationIsVisible = 0;
			defaultConfigurationName = Release;
		};
		607E961C2325C94F002D51B8 /* Build configuration list for PBXNativeTarget "GCD-FB-InterviewProject" */ = {
			isa = XCConfigurationList;
			buildConfigurations = (
				607E961D2325C94F002D51B8 /* Debug */,
				607E961E2325C94F002D51B8 /* Release */,
			);
			defaultConfigurationIsVisible = 0;
			defaultConfigurationName = Release;
		};
		607E961F2325C94F002D51B8 /* Build configuration list for PBXNativeTarget "GCD-FB-InterviewProjectTests" */ = {
			isa = XCConfigurationList;
			buildConfigurations = (
				607E96202325C94F002D51B8 /* Debug */,
				607E96212325C94F002D51B8 /* Release */,
			);
			defaultConfigurationIsVisible = 0;
			defaultConfigurationName = Release;
		};
		607E96222325C94F002D51B8 /* Build configuration list for PBXNativeTarget "GCD-FB-InterviewProjectUITests" */ = {
			isa = XCConfigurationList;
			buildConfigurations = (
				607E96232325C94F002D51B8 /* Debug */,
				607E96242325C94F002D51B8 /* Release */,
			);
			defaultConfigurationIsVisible = 0;
			defaultConfigurationName = Release;
		};
/* End XCConfigurationList section */
	};
	rootObject = 607E95EC2325C94E002D51B8 /* Project object */;
}
