// !$*UTF8*$!
{
	archiveVersion = 1;
	classes = {
	};
	objectVersion = 48;
	objects = {

/* Begin PBXBuildFile section */
		3D19364C207E408000490F8D /* BlockTest.m in Sources */ = {isa = PBXBuildFile; fileRef = 3D19364B207E408000490F8D /* BlockTest.m */; };
		3DAA7B31207F054B0053109A /* RetainCount.m in Sources */ = {isa = PBXBuildFile; fileRef = 3DAA7B30207F054B0053109A /* RetainCount.m */; settings = {COMPILER_FLAGS = "-fno-objc-arc"; }; };
		3DAA7B34207FF1630053109A /* GCDTest.m in Sources */ = {isa = PBXBuildFile; fileRef = 3DAA7B33207FF1630053109A /* GCDTest.m */; };
		3DAA8AFD207B01E10089BB60 /* main.m in Sources */ = {isa = PBXBuildFile; fileRef = 3DAA8AFC207B01E10089BB60 /* main.m */; };
		3DAA8B05207B022C0089BB60 /* LC.m in Sources */ = {isa = PBXBuildFile; fileRef = 3DAA8B03207B022C0089BB60 /* LC.m */; };
		3DAA8B08207B02400089BB60 /* LC42.m in Sources */ = {isa = PBXBuildFile; fileRef = 3DAA8B07207B02400089BB60 /* LC42.m */; };
		3DAA8B0F207C97F70089BB60 /* LC48.m in Sources */ = {isa = PBXBuildFile; fileRef = 3DAA8B0E207C97F70089BB60 /* LC48.m */; };
		3DAA8B15207D405B0089BB60 /* LC36.m in Sources */ = {isa = PBXBuildFile; fileRef = 3DAA8B14207D405B0089BB60 /* LC36.m */; };
		6007CD3720A882C200D1E5FA /* LC179.m in Sources */ = {isa = PBXBuildFile; fileRef = 6007CD3620A882C200D1E5FA /* LC179.m */; };
		6007CD7D20AE7A3D00D1E5FA /* DispatchQueueTTest.m in Sources */ = {isa = PBXBuildFile; fileRef = 6007CD7C20AE7A3D00D1E5FA /* DispatchQueueTTest.m */; };
		6007CD8020AE7D2400D1E5FA /* DispatchBarrierAsyncTest.m in Sources */ = {isa = PBXBuildFile; fileRef = 6007CD7F20AE7D2400D1E5FA /* DispatchBarrierAsyncTest.m */; };
		6007CD8320AF400700D1E5FA /* DispatchApplyTest.m in Sources */ = {isa = PBXBuildFile; fileRef = 6007CD8220AF400700D1E5FA /* DispatchApplyTest.m */; };
		6007CD8620AF41EF00D1E5FA /* DispatchGroupAsyncTest.m in Sources */ = {isa = PBXBuildFile; fileRef = 6007CD8520AF41EF00D1E5FA /* DispatchGroupAsyncTest.m */; };
		6007CD8920AF77B300D1E5FA /* DispatchBlockTest.m in Sources */ = {isa = PBXBuildFile; fileRef = 6007CD8820AF77B300D1E5FA /* DispatchBlockTest.m */; };
		6007CD8C20AF793000D1E5FA /* DispatchBlockWaitTest.m in Sources */ = {isa = PBXBuildFile; fileRef = 6007CD8B20AF793000D1E5FA /* DispatchBlockWaitTest.m */; };
		6007CD8F20AF7A3000D1E5FA /* DispatchBlockNotifyTest.m in Sources */ = {isa = PBXBuildFile; fileRef = 6007CD8E20AF7A3000D1E5FA /* DispatchBlockNotifyTest.m */; };
		6007CD9220AF7ACB00D1E5FA /* DispatchBlockCancel.m in Sources */ = {isa = PBXBuildFile; fileRef = 6007CD9120AF7ACB00D1E5FA /* DispatchBlockCancel.m */; };
		602B963020C3657E001D20B4 /* DispatchAfterTest.m in Sources */ = {isa = PBXBuildFile; fileRef = 602B962F20C3657E001D20B4 /* DispatchAfterTest.m */; };
		602B963320C36E71001D20B4 /* DispatchQueueConcurrentTest.m in Sources */ = {isa = PBXBuildFile; fileRef = 602B963220C36E71001D20B4 /* DispatchQueueConcurrentTest.m */; };
		602B963620C37105001D20B4 /* PerformSelectorTest.m in Sources */ = {isa = PBXBuildFile; fileRef = 602B963520C37105001D20B4 /* PerformSelectorTest.m */; };
		603AC84021CEC4330046FA97 /* GRScheduleBlock.m in Sources */ = {isa = PBXBuildFile; fileRef = 603AC83F21CEC4330046FA97 /* GRScheduleBlock.m */; };
		603AC84321D169360046FA97 /* AddDelegateToQueue.m in Sources */ = {isa = PBXBuildFile; fileRef = 603AC84221D169360046FA97 /* AddDelegateToQueue.m */; };
		603AC84621D306E60046FA97 /* ForwardInvocationTest.m in Sources */ = {isa = PBXBuildFile; fileRef = 603AC84521D306E60046FA97 /* ForwardInvocationTest.m */; };
		6085A4A320E48BD400B7B29A /* DispatchAfterCounterTest.m in Sources */ = {isa = PBXBuildFile; fileRef = 6085A4A220E48BD400B7B29A /* DispatchAfterCounterTest.m */; };
		6085A4A720E5F6D000B7B29A /* NSObject+GZObjectCategory.m in Sources */ = {isa = PBXBuildFile; fileRef = 6085A4A620E5F6D000B7B29A /* NSObject+GZObjectCategory.m */; };
		608D214220CD798F003C3C3B /* DispatchSyncDeadLockTest.m in Sources */ = {isa = PBXBuildFile; fileRef = 608D214120CD798F003C3C3B /* DispatchSyncDeadLockTest.m */; };
		608D214520CFAA2C003C3C3B /* ThreadSafeNSMutableArray.m in Sources */ = {isa = PBXBuildFile; fileRef = 608D214420CFAA2C003C3C3B /* ThreadSafeNSMutableArray.m */; };
		608D214820D011D4003C3C3B /* DipatchQueueAttrMakeWithQosClassTest.m in Sources */ = {isa = PBXBuildFile; fileRef = 608D214720D011D4003C3C3B /* DipatchQueueAttrMakeWithQosClassTest.m */; };
		608D214B20D1C7D6003C3C3B /* DispatchAyncSyncTest.m in Sources */ = {isa = PBXBuildFile; fileRef = 608D214A20D1C7D6003C3C3B /* DispatchAyncSyncTest.m */; };
		608D214E20D2A8B5003C3C3B /* ThreadSafeNSMutableArrayTest.m in Sources */ = {isa = PBXBuildFile; fileRef = 608D214D20D2A8B5003C3C3B /* ThreadSafeNSMutableArrayTest.m */; };
		609303EC21333A53003293F4 /* MAXConcurrentDictionary.m in Sources */ = {isa = PBXBuildFile; fileRef = 609303EB21333A53003293F4 /* MAXConcurrentDictionary.m */; };
		609303EF213361F3003293F4 /* MAXConcurrentDictionaryTest.m in Sources */ = {isa = PBXBuildFile; fileRef = 609303EE213361F3003293F4 /* MAXConcurrentDictionaryTest.m */; };
		609304002146909A003293F4 /* RunLoopCreateThread.m in Sources */ = {isa = PBXBuildFile; fileRef = 609303FF2146909A003293F4 /* RunLoopCreateThread.m */; };
		60D74C8C20DAF02E003E410C /* MobileFormingQ1Test.m in Sources */ = {isa = PBXBuildFile; fileRef = 60D74C8B20DAF02E003E410C /* MobileFormingQ1Test.m */; };
		60D74CCD20DAF56B003E410C /* MobileFormingQ1UnitTest.m in Sources */ = {isa = PBXBuildFile; fileRef = 60D74CCC20DAF56B003E410C /* MobileFormingQ1UnitTest.m */; };
		60D74CD020DB1BCA003E410C /* MobileFormingQ4Test.m in Sources */ = {isa = PBXBuildFile; fileRef = 60D74CCF20DB1BCA003E410C /* MobileFormingQ4Test.m */; };
		60E421B820A41ECE00C1286F /* OSSpinLockTest.m in Sources */ = {isa = PBXBuildFile; fileRef = 60E421B720A41ECE00C1286F /* OSSpinLockTest.m */; };
		60E421BB20A4210A00C1286F /* OsUnfairLockTest.m in Sources */ = {isa = PBXBuildFile; fileRef = 60E421BA20A4210A00C1286F /* OsUnfairLockTest.m */; };
		60E421BE20A4BA4100C1286F /* RunloopTest.m in Sources */ = {isa = PBXBuildFile; fileRef = 60E421BD20A4BA4100C1286F /* RunloopTest.m */; };
		60EB8EE920A19D4C00CECBDB /* NSBlockOperationTest.m in Sources */ = {isa = PBXBuildFile; fileRef = 60EB8EE820A19D4C00CECBDB /* NSBlockOperationTest.m */; };
		60EB8EEC20A218D900CECBDB /* NSInvocationOperationTest.m in Sources */ = {isa = PBXBuildFile; fileRef = 60EB8EEB20A218D900CECBDB /* NSInvocationOperationTest.m */; };
		60FEDAA820FE3EA2001B48A0 /* RespondsToSelectorTest.m in Sources */ = {isa = PBXBuildFile; fileRef = 60FEDAA720FE3EA2001B48A0 /* RespondsToSelectorTest.m */; };
		60FEDAAB20FFA07D001B48A0 /* RuntimeTest.m in Sources */ = {isa = PBXBuildFile; fileRef = 60FEDAAA20FFA07D001B48A0 /* RuntimeTest.m */; };
		60FEDAAE2105C913001B48A0 /* DispatchQueueAttrMakeWithQosClassTest.m in Sources */ = {isa = PBXBuildFile; fileRef = 60FEDAAD2105C912001B48A0 /* DispatchQueueAttrMakeWithQosClassTest.m */; };
/* End PBXBuildFile section */

/* Begin PBXCopyFilesBuildPhase section */
		3DAA8AF7207B01E10089BB60 /* CopyFiles */ = {
			isa = PBXCopyFilesBuildPhase;
			buildActionMask = 2147483647;
			dstPath = /usr/share/man/man1/;
			dstSubfolderSpec = 0;
			files = (
			);
			runOnlyForDeploymentPostprocessing = 1;
		};
/* End PBXCopyFilesBuildPhase section */

/* Begin PBXFileReference section */
		3D19364A207E408000490F8D /* BlockTest.h */ = {isa = PBXFileReference; lastKnownFileType = sourcecode.c.h; path = BlockTest.h; sourceTree = "<group>"; };
		3D19364B207E408000490F8D /* BlockTest.m */ = {isa = PBXFileReference; lastKnownFileType = sourcecode.c.objc; path = BlockTest.m; sourceTree = "<group>"; };
		3DAA7B2F207F054B0053109A /* RetainCount.h */ = {isa = PBXFileReference; lastKnownFileType = sourcecode.c.h; path = RetainCount.h; sourceTree = "<group>"; };
		3DAA7B30207F054B0053109A /* RetainCount.m */ = {isa = PBXFileReference; lastKnownFileType = sourcecode.c.objc; path = RetainCount.m; sourceTree = "<group>"; };
		3DAA7B32207FF1630053109A /* GCDTest.h */ = {isa = PBXFileReference; lastKnownFileType = sourcecode.c.h; path = GCDTest.h; sourceTree = "<group>"; };
		3DAA7B33207FF1630053109A /* GCDTest.m */ = {isa = PBXFileReference; lastKnownFileType = sourcecode.c.objc; path = GCDTest.m; sourceTree = "<group>"; };
		3DAA8AF9207B01E10089BB60 /* LC */ = {isa = PBXFileReference; explicitFileType = "compiled.mach-o.executable"; includeInIndex = 0; path = LC; sourceTree = BUILT_PRODUCTS_DIR; };
		3DAA8AFC207B01E10089BB60 /* main.m */ = {isa = PBXFileReference; lastKnownFileType = sourcecode.c.objc; path = main.m; sourceTree = "<group>"; };
		3DAA8B03207B022C0089BB60 /* LC.m */ = {isa = PBXFileReference; fileEncoding = 4; lastKnownFileType = sourcecode.c.objc; path = LC.m; sourceTree = "<group>"; };
		3DAA8B04207B022C0089BB60 /* LC.h */ = {isa = PBXFileReference; fileEncoding = 4; lastKnownFileType = sourcecode.c.h; path = LC.h; sourceTree = "<group>"; };
		3DAA8B06207B02400089BB60 /* LC42.h */ = {isa = PBXFileReference; lastKnownFileType = sourcecode.c.h; path = LC42.h; sourceTree = "<group>"; };
		3DAA8B07207B02400089BB60 /* LC42.m */ = {isa = PBXFileReference; lastKnownFileType = sourcecode.c.objc; path = LC42.m; sourceTree = "<group>"; };
		3DAA8B09207B05160089BB60 /* PrefixHeader.pch */ = {isa = PBXFileReference; lastKnownFileType = sourcecode.c.h; path = PrefixHeader.pch; sourceTree = "<group>"; };
		3DAA8B0D207C97F70089BB60 /* LC48.h */ = {isa = PBXFileReference; lastKnownFileType = sourcecode.c.h; path = LC48.h; sourceTree = "<group>"; };
		3DAA8B0E207C97F70089BB60 /* LC48.m */ = {isa = PBXFileReference; lastKnownFileType = sourcecode.c.objc; path = LC48.m; sourceTree = "<group>"; };
		3DAA8B13207D405B0089BB60 /* LC36.h */ = {isa = PBXFileReference; lastKnownFileType = sourcecode.c.h; path = LC36.h; sourceTree = "<group>"; };
		3DAA8B14207D405B0089BB60 /* LC36.m */ = {isa = PBXFileReference; lastKnownFileType = sourcecode.c.objc; path = LC36.m; sourceTree = "<group>"; };
		6007CD3520A882C200D1E5FA /* LC179.h */ = {isa = PBXFileReference; lastKnownFileType = sourcecode.c.h; path = LC179.h; sourceTree = "<group>"; };
		6007CD3620A882C200D1E5FA /* LC179.m */ = {isa = PBXFileReference; lastKnownFileType = sourcecode.c.objc; path = LC179.m; sourceTree = "<group>"; };
		6007CD7B20AE7A3D00D1E5FA /* DispatchQueueTTest.h */ = {isa = PBXFileReference; lastKnownFileType = sourcecode.c.h; path = DispatchQueueTTest.h; sourceTree = "<group>"; };
		6007CD7C20AE7A3D00D1E5FA /* DispatchQueueTTest.m */ = {isa = PBXFileReference; lastKnownFileType = sourcecode.c.objc; path = DispatchQueueTTest.m; sourceTree = "<group>"; };
		6007CD7E20AE7D2400D1E5FA /* DispatchBarrierAsyncTest.h */ = {isa = PBXFileReference; lastKnownFileType = sourcecode.c.h; path = DispatchBarrierAsyncTest.h; sourceTree = "<group>"; };
		6007CD7F20AE7D2400D1E5FA /* DispatchBarrierAsyncTest.m */ = {isa = PBXFileReference; lastKnownFileType = sourcecode.c.objc; path = DispatchBarrierAsyncTest.m; sourceTree = "<group>"; };
		6007CD8120AF400700D1E5FA /* DispatchApplyTest.h */ = {isa = PBXFileReference; lastKnownFileType = sourcecode.c.h; path = DispatchApplyTest.h; sourceTree = "<group>"; };
		6007CD8220AF400700D1E5FA /* DispatchApplyTest.m */ = {isa = PBXFileReference; lastKnownFileType = sourcecode.c.objc; path = DispatchApplyTest.m; sourceTree = "<group>"; };
		6007CD8420AF41EF00D1E5FA /* DispatchGroupAsyncTest.h */ = {isa = PBXFileReference; lastKnownFileType = sourcecode.c.h; path = DispatchGroupAsyncTest.h; sourceTree = "<group>"; };
		6007CD8520AF41EF00D1E5FA /* DispatchGroupAsyncTest.m */ = {isa = PBXFileReference; lastKnownFileType = sourcecode.c.objc; path = DispatchGroupAsyncTest.m; sourceTree = "<group>"; };
		6007CD8720AF77B300D1E5FA /* DispatchBlockTest.h */ = {isa = PBXFileReference; lastKnownFileType = sourcecode.c.h; path = DispatchBlockTest.h; sourceTree = "<group>"; };
		6007CD8820AF77B300D1E5FA /* DispatchBlockTest.m */ = {isa = PBXFileReference; lastKnownFileType = sourcecode.c.objc; path = DispatchBlockTest.m; sourceTree = "<group>"; };
		6007CD8A20AF793000D1E5FA /* DispatchBlockWaitTest.h */ = {isa = PBXFileReference; lastKnownFileType = sourcecode.c.h; path = DispatchBlockWaitTest.h; sourceTree = "<group>"; };
		6007CD8B20AF793000D1E5FA /* DispatchBlockWaitTest.m */ = {isa = PBXFileReference; lastKnownFileType = sourcecode.c.objc; path = DispatchBlockWaitTest.m; sourceTree = "<group>"; };
		6007CD8D20AF7A3000D1E5FA /* DispatchBlockNotifyTest.h */ = {isa = PBXFileReference; lastKnownFileType = sourcecode.c.h; path = DispatchBlockNotifyTest.h; sourceTree = "<group>"; };
		6007CD8E20AF7A3000D1E5FA /* DispatchBlockNotifyTest.m */ = {isa = PBXFileReference; lastKnownFileType = sourcecode.c.objc; path = DispatchBlockNotifyTest.m; sourceTree = "<group>"; };
		6007CD9020AF7ACB00D1E5FA /* DispatchBlockCancel.h */ = {isa = PBXFileReference; lastKnownFileType = sourcecode.c.h; path = DispatchBlockCancel.h; sourceTree = "<group>"; };
		6007CD9120AF7ACB00D1E5FA /* DispatchBlockCancel.m */ = {isa = PBXFileReference; lastKnownFileType = sourcecode.c.objc; path = DispatchBlockCancel.m; sourceTree = "<group>"; };
		602B962E20C3657E001D20B4 /* DispatchAfterTest.h */ = {isa = PBXFileReference; lastKnownFileType = sourcecode.c.h; path = DispatchAfterTest.h; sourceTree = "<group>"; };
		602B962F20C3657E001D20B4 /* DispatchAfterTest.m */ = {isa = PBXFileReference; lastKnownFileType = sourcecode.c.objc; path = DispatchAfterTest.m; sourceTree = "<group>"; };
		602B963120C36E71001D20B4 /* DispatchQueueConcurrentTest.h */ = {isa = PBXFileReference; lastKnownFileType = sourcecode.c.h; path = DispatchQueueConcurrentTest.h; sourceTree = "<group>"; };
		602B963220C36E71001D20B4 /* DispatchQueueConcurrentTest.m */ = {isa = PBXFileReference; lastKnownFileType = sourcecode.c.objc; path = DispatchQueueConcurrentTest.m; sourceTree = "<group>"; };
		602B963420C37105001D20B4 /* PerformSelectorTest.h */ = {isa = PBXFileReference; lastKnownFileType = sourcecode.c.h; path = PerformSelectorTest.h; sourceTree = "<group>"; };
		602B963520C37105001D20B4 /* PerformSelectorTest.m */ = {isa = PBXFileReference; lastKnownFileType = sourcecode.c.objc; path = PerformSelectorTest.m; sourceTree = "<group>"; };
		603AC83E21CEC4330046FA97 /* GRScheduleBlock.h */ = {isa = PBXFileReference; lastKnownFileType = sourcecode.c.h; path = GRScheduleBlock.h; sourceTree = "<group>"; };
		603AC83F21CEC4330046FA97 /* GRScheduleBlock.m */ = {isa = PBXFileReference; lastKnownFileType = sourcecode.c.objc; path = GRScheduleBlock.m; sourceTree = "<group>"; };
		603AC84121D169360046FA97 /* AddDelegateToQueue.h */ = {isa = PBXFileReference; lastKnownFileType = sourcecode.c.h; path = AddDelegateToQueue.h; sourceTree = "<group>"; };
		603AC84221D169360046FA97 /* AddDelegateToQueue.m */ = {isa = PBXFileReference; lastKnownFileType = sourcecode.c.objc; path = AddDelegateToQueue.m; sourceTree = "<group>"; };
		603AC84421D306E60046FA97 /* ForwardInvocationTest.h */ = {isa = PBXFileReference; lastKnownFileType = sourcecode.c.h; path = ForwardInvocationTest.h; sourceTree = "<group>"; };
		603AC84521D306E60046FA97 /* ForwardInvocationTest.m */ = {isa = PBXFileReference; lastKnownFileType = sourcecode.c.objc; path = ForwardInvocationTest.m; sourceTree = "<group>"; };
		6085A4A120E48BD400B7B29A /* DispatchAfterCounterTest.h */ = {isa = PBXFileReference; lastKnownFileType = sourcecode.c.h; path = DispatchAfterCounterTest.h; sourceTree = "<group>"; };
		6085A4A220E48BD400B7B29A /* DispatchAfterCounterTest.m */ = {isa = PBXFileReference; lastKnownFileType = sourcecode.c.objc; path = DispatchAfterCounterTest.m; sourceTree = "<group>"; };
		6085A4A420E535E300B7B29A /* GCD.txt */ = {isa = PBXFileReference; lastKnownFileType = text; path = GCD.txt; sourceTree = "<group>"; };
		6085A4A520E5F6D000B7B29A /* NSObject+GZObjectCategory.h */ = {isa = PBXFileReference; lastKnownFileType = sourcecode.c.h; path = "NSObject+GZObjectCategory.h"; sourceTree = "<group>"; };
		6085A4A620E5F6D000B7B29A /* NSObject+GZObjectCategory.m */ = {isa = PBXFileReference; lastKnownFileType = sourcecode.c.objc; path = "NSObject+GZObjectCategory.m"; sourceTree = "<group>"; };
		608D214020CD798F003C3C3B /* DispatchSyncDeadLockTest.h */ = {isa = PBXFileReference; lastKnownFileType = sourcecode.c.h; path = DispatchSyncDeadLockTest.h; sourceTree = "<group>"; };
		608D214120CD798F003C3C3B /* DispatchSyncDeadLockTest.m */ = {isa = PBXFileReference; lastKnownFileType = sourcecode.c.objc; path = DispatchSyncDeadLockTest.m; sourceTree = "<group>"; };
		608D214320CFAA2C003C3C3B /* ThreadSafeNSMutableArray.h */ = {isa = PBXFileReference; lastKnownFileType = sourcecode.c.h; path = ThreadSafeNSMutableArray.h; sourceTree = "<group>"; };
		608D214420CFAA2C003C3C3B /* ThreadSafeNSMutableArray.m */ = {isa = PBXFileReference; lastKnownFileType = sourcecode.c.objc; path = ThreadSafeNSMutableArray.m; sourceTree = "<group>"; };
		608D214620D011D4003C3C3B /* DipatchQueueAttrMakeWithQosClassTest.h */ = {isa = PBXFileReference; lastKnownFileType = sourcecode.c.h; path = DipatchQueueAttrMakeWithQosClassTest.h; sourceTree = "<group>"; };
		608D214720D011D4003C3C3B /* DipatchQueueAttrMakeWithQosClassTest.m */ = {isa = PBXFileReference; lastKnownFileType = sourcecode.c.objc; path = DipatchQueueAttrMakeWithQosClassTest.m; sourceTree = "<group>"; };
		608D214920D1C7D6003C3C3B /* DispatchAyncSyncTest.h */ = {isa = PBXFileReference; lastKnownFileType = sourcecode.c.h; path = DispatchAyncSyncTest.h; sourceTree = "<group>"; };
		608D214A20D1C7D6003C3C3B /* DispatchAyncSyncTest.m */ = {isa = PBXFileReference; lastKnownFileType = sourcecode.c.objc; path = DispatchAyncSyncTest.m; sourceTree = "<group>"; };
		608D214C20D2A8B5003C3C3B /* ThreadSafeNSMutableArrayTest.h */ = {isa = PBXFileReference; lastKnownFileType = sourcecode.c.h; path = ThreadSafeNSMutableArrayTest.h; sourceTree = "<group>"; };
		608D214D20D2A8B5003C3C3B /* ThreadSafeNSMutableArrayTest.m */ = {isa = PBXFileReference; lastKnownFileType = sourcecode.c.objc; path = ThreadSafeNSMutableArrayTest.m; sourceTree = "<group>"; };
		609303EA21333A53003293F4 /* MAXConcurrentDictionary.h */ = {isa = PBXFileReference; lastKnownFileType = sourcecode.c.h; path = MAXConcurrentDictionary.h; sourceTree = "<group>"; };
		609303EB21333A53003293F4 /* MAXConcurrentDictionary.m */ = {isa = PBXFileReference; lastKnownFileType = sourcecode.c.objc; path = MAXConcurrentDictionary.m; sourceTree = "<group>"; };
		609303ED213361F3003293F4 /* MAXConcurrentDictionaryTest.h */ = {isa = PBXFileReference; lastKnownFileType = sourcecode.c.h; path = MAXConcurrentDictionaryTest.h; sourceTree = "<group>"; };
		609303EE213361F3003293F4 /* MAXConcurrentDictionaryTest.m */ = {isa = PBXFileReference; lastKnownFileType = sourcecode.c.objc; path = MAXConcurrentDictionaryTest.m; sourceTree = "<group>"; };
		609303FE2146909A003293F4 /* RunLoopCreateThread.h */ = {isa = PBXFileReference; lastKnownFileType = sourcecode.c.h; path = RunLoopCreateThread.h; sourceTree = "<group>"; };
		609303FF2146909A003293F4 /* RunLoopCreateThread.m */ = {isa = PBXFileReference; lastKnownFileType = sourcecode.c.objc; path = RunLoopCreateThread.m; sourceTree = "<group>"; };
		60D74C8A20DAF02E003E410C /* MobileFormingQ1Test.h */ = {isa = PBXFileReference; lastKnownFileType = sourcecode.c.h; path = MobileFormingQ1Test.h; sourceTree = "<group>"; };
		60D74C8B20DAF02E003E410C /* MobileFormingQ1Test.m */ = {isa = PBXFileReference; lastKnownFileType = sourcecode.c.objc; path = MobileFormingQ1Test.m; sourceTree = "<group>"; };
		60D74CCB20DAF56B003E410C /* MobileFormingQ1UnitTest.h */ = {isa = PBXFileReference; lastKnownFileType = sourcecode.c.h; path = MobileFormingQ1UnitTest.h; sourceTree = "<group>"; };
		60D74CCC20DAF56B003E410C /* MobileFormingQ1UnitTest.m */ = {isa = PBXFileReference; lastKnownFileType = sourcecode.c.objc; path = MobileFormingQ1UnitTest.m; sourceTree = "<group>"; };
		60D74CCE20DB1BCA003E410C /* MobileFormingQ4Test.h */ = {isa = PBXFileReference; lastKnownFileType = sourcecode.c.h; path = MobileFormingQ4Test.h; sourceTree = "<group>"; };
		60D74CCF20DB1BCA003E410C /* MobileFormingQ4Test.m */ = {isa = PBXFileReference; lastKnownFileType = sourcecode.c.objc; path = MobileFormingQ4Test.m; sourceTree = "<group>"; };
		60E421B620A41ECE00C1286F /* OSSpinLockTest.h */ = {isa = PBXFileReference; lastKnownFileType = sourcecode.c.h; path = OSSpinLockTest.h; sourceTree = "<group>"; };
		60E421B720A41ECE00C1286F /* OSSpinLockTest.m */ = {isa = PBXFileReference; lastKnownFileType = sourcecode.c.objc; path = OSSpinLockTest.m; sourceTree = "<group>"; };
		60E421B920A4210A00C1286F /* OsUnfairLockTest.h */ = {isa = PBXFileReference; lastKnownFileType = sourcecode.c.h; path = OsUnfairLockTest.h; sourceTree = "<group>"; };
		60E421BA20A4210A00C1286F /* OsUnfairLockTest.m */ = {isa = PBXFileReference; lastKnownFileType = sourcecode.c.objc; path = OsUnfairLockTest.m; sourceTree = "<group>"; };
		60E421BC20A4BA4100C1286F /* RunloopTest.h */ = {isa = PBXFileReference; lastKnownFileType = sourcecode.c.h; path = RunloopTest.h; sourceTree = "<group>"; };
		60E421BD20A4BA4100C1286F /* RunloopTest.m */ = {isa = PBXFileReference; lastKnownFileType = sourcecode.c.objc; path = RunloopTest.m; sourceTree = "<group>"; };
		60EB8EE720A19D4C00CECBDB /* NSBlockOperationTest.h */ = {isa = PBXFileReference; lastKnownFileType = sourcecode.c.h; path = NSBlockOperationTest.h; sourceTree = "<group>"; };
		60EB8EE820A19D4C00CECBDB /* NSBlockOperationTest.m */ = {isa = PBXFileReference; lastKnownFileType = sourcecode.c.objc; path = NSBlockOperationTest.m; sourceTree = "<group>"; };
		60EB8EEA20A218D900CECBDB /* NSInvocationOperationTest.h */ = {isa = PBXFileReference; lastKnownFileType = sourcecode.c.h; path = NSInvocationOperationTest.h; sourceTree = "<group>"; };
		60EB8EEB20A218D900CECBDB /* NSInvocationOperationTest.m */ = {isa = PBXFileReference; lastKnownFileType = sourcecode.c.objc; path = NSInvocationOperationTest.m; sourceTree = "<group>"; };
		60FEDAA620FE3EA2001B48A0 /* RespondsToSelectorTest.h */ = {isa = PBXFileReference; lastKnownFileType = sourcecode.c.h; path = RespondsToSelectorTest.h; sourceTree = "<group>"; };
		60FEDAA720FE3EA2001B48A0 /* RespondsToSelectorTest.m */ = {isa = PBXFileReference; lastKnownFileType = sourcecode.c.objc; path = RespondsToSelectorTest.m; sourceTree = "<group>"; };
		60FEDAA920FFA07D001B48A0 /* RuntimeTest.h */ = {isa = PBXFileReference; lastKnownFileType = sourcecode.c.h; path = RuntimeTest.h; sourceTree = "<group>"; };
		60FEDAAA20FFA07D001B48A0 /* RuntimeTest.m */ = {isa = PBXFileReference; lastKnownFileType = sourcecode.c.objc; path = RuntimeTest.m; sourceTree = "<group>"; };
		60FEDAAC2105C912001B48A0 /* DispatchQueueAttrMakeWithQosClassTest.h */ = {isa = PBXFileReference; lastKnownFileType = sourcecode.c.h; path = DispatchQueueAttrMakeWithQosClassTest.h; sourceTree = "<group>"; };
		60FEDAAD2105C912001B48A0 /* DispatchQueueAttrMakeWithQosClassTest.m */ = {isa = PBXFileReference; lastKnownFileType = sourcecode.c.objc; path = DispatchQueueAttrMakeWithQosClassTest.m; sourceTree = "<group>"; };
/* End PBXFileReference section */

/* Begin PBXFrameworksBuildPhase section */
		3DAA8AF6207B01E10089BB60 /* Frameworks */ = {
			isa = PBXFrameworksBuildPhase;
			buildActionMask = 2147483647;
			files = (
			);
			runOnlyForDeploymentPostprocessing = 0;
		};
/* End PBXFrameworksBuildPhase section */

/* Begin PBXGroup section */
		3DAA8AF0207B01E10089BB60 = {
			isa = PBXGroup;
			children = (
				3DAA8AFB207B01E10089BB60 /* LC */,
				3DAA8AFA207B01E10089BB60 /* Products */,
			);
			sourceTree = "<group>";
		};
		3DAA8AFA207B01E10089BB60 /* Products */ = {
			isa = PBXGroup;
			children = (
				3DAA8AF9207B01E10089BB60 /* LC */,
			);
			name = Products;
			sourceTree = "<group>";
		};
		3DAA8AFB207B01E10089BB60 /* LC */ = {
			isa = PBXGroup;
			children = (
				3DAA8AFC207B01E10089BB60 /* main.m */,
				6085A4A420E535E300B7B29A /* GCD.txt */,
				3DAA8B04207B022C0089BB60 /* LC.h */,
				3DAA8B03207B022C0089BB60 /* LC.m */,
				3DAA8B06207B02400089BB60 /* LC42.h */,
				3DAA8B07207B02400089BB60 /* LC42.m */,
				3DAA8B0D207C97F70089BB60 /* LC48.h */,
				3DAA8B0E207C97F70089BB60 /* LC48.m */,
				3DAA8B13207D405B0089BB60 /* LC36.h */,
				3DAA8B14207D405B0089BB60 /* LC36.m */,
				6007CD3520A882C200D1E5FA /* LC179.h */,
				6007CD3620A882C200D1E5FA /* LC179.m */,
				60D74C8A20DAF02E003E410C /* MobileFormingQ1Test.h */,
				60D74C8B20DAF02E003E410C /* MobileFormingQ1Test.m */,
				60D74CCB20DAF56B003E410C /* MobileFormingQ1UnitTest.h */,
				60D74CCC20DAF56B003E410C /* MobileFormingQ1UnitTest.m */,
				60D74CCE20DB1BCA003E410C /* MobileFormingQ4Test.h */,
				60D74CCF20DB1BCA003E410C /* MobileFormingQ4Test.m */,
				3D19364A207E408000490F8D /* BlockTest.h */,
				3D19364B207E408000490F8D /* BlockTest.m */,
				3DAA7B2F207F054B0053109A /* RetainCount.h */,
				3DAA7B30207F054B0053109A /* RetainCount.m */,
				3DAA7B32207FF1630053109A /* GCDTest.h */,
				3DAA7B33207FF1630053109A /* GCDTest.m */,
				60EB8EE720A19D4C00CECBDB /* NSBlockOperationTest.h */,
				60EB8EE820A19D4C00CECBDB /* NSBlockOperationTest.m */,
				60EB8EEA20A218D900CECBDB /* NSInvocationOperationTest.h */,
				60EB8EEB20A218D900CECBDB /* NSInvocationOperationTest.m */,
				60E421B620A41ECE00C1286F /* OSSpinLockTest.h */,
				60E421B720A41ECE00C1286F /* OSSpinLockTest.m */,
				60E421B920A4210A00C1286F /* OsUnfairLockTest.h */,
				60E421BA20A4210A00C1286F /* OsUnfairLockTest.m */,
				60E421BC20A4BA4100C1286F /* RunloopTest.h */,
				60E421BD20A4BA4100C1286F /* RunloopTest.m */,
				6007CD7B20AE7A3D00D1E5FA /* DispatchQueueTTest.h */,
				6007CD7C20AE7A3D00D1E5FA /* DispatchQueueTTest.m */,
				6007CD7E20AE7D2400D1E5FA /* DispatchBarrierAsyncTest.h */,
				6007CD7F20AE7D2400D1E5FA /* DispatchBarrierAsyncTest.m */,
				6007CD8120AF400700D1E5FA /* DispatchApplyTest.h */,
				6007CD8220AF400700D1E5FA /* DispatchApplyTest.m */,
				6007CD8420AF41EF00D1E5FA /* DispatchGroupAsyncTest.h */,
				6007CD8520AF41EF00D1E5FA /* DispatchGroupAsyncTest.m */,
				6007CD8720AF77B300D1E5FA /* DispatchBlockTest.h */,
				6007CD8820AF77B300D1E5FA /* DispatchBlockTest.m */,
				6007CD8A20AF793000D1E5FA /* DispatchBlockWaitTest.h */,
				6007CD8B20AF793000D1E5FA /* DispatchBlockWaitTest.m */,
				6007CD8D20AF7A3000D1E5FA /* DispatchBlockNotifyTest.h */,
				6007CD8E20AF7A3000D1E5FA /* DispatchBlockNotifyTest.m */,
				6007CD9020AF7ACB00D1E5FA /* DispatchBlockCancel.h */,
				6007CD9120AF7ACB00D1E5FA /* DispatchBlockCancel.m */,
				608D214620D011D4003C3C3B /* DipatchQueueAttrMakeWithQosClassTest.h */,
				608D214720D011D4003C3C3B /* DipatchQueueAttrMakeWithQosClassTest.m */,
				602B962E20C3657E001D20B4 /* DispatchAfterTest.h */,
				602B962F20C3657E001D20B4 /* DispatchAfterTest.m */,
				6085A4A120E48BD400B7B29A /* DispatchAfterCounterTest.h */,
				6085A4A220E48BD400B7B29A /* DispatchAfterCounterTest.m */,
				602B963120C36E71001D20B4 /* DispatchQueueConcurrentTest.h */,
				602B963220C36E71001D20B4 /* DispatchQueueConcurrentTest.m */,
				602B963420C37105001D20B4 /* PerformSelectorTest.h */,
				602B963520C37105001D20B4 /* PerformSelectorTest.m */,
				608D214020CD798F003C3C3B /* DispatchSyncDeadLockTest.h */,
				608D214120CD798F003C3C3B /* DispatchSyncDeadLockTest.m */,
				608D214320CFAA2C003C3C3B /* ThreadSafeNSMutableArray.h */,
				608D214420CFAA2C003C3C3B /* ThreadSafeNSMutableArray.m */,
				608D214920D1C7D6003C3C3B /* DispatchAyncSyncTest.h */,
				608D214A20D1C7D6003C3C3B /* DispatchAyncSyncTest.m */,
				608D214C20D2A8B5003C3C3B /* ThreadSafeNSMutableArrayTest.h */,
				608D214D20D2A8B5003C3C3B /* ThreadSafeNSMutableArrayTest.m */,
				6085A4A520E5F6D000B7B29A /* NSObject+GZObjectCategory.h */,
				6085A4A620E5F6D000B7B29A /* NSObject+GZObjectCategory.m */,
				60FEDAA620FE3EA2001B48A0 /* RespondsToSelectorTest.h */,
				60FEDAA720FE3EA2001B48A0 /* RespondsToSelectorTest.m */,
				60FEDAAC2105C912001B48A0 /* DispatchQueueAttrMakeWithQosClassTest.h */,
				60FEDAAD2105C912001B48A0 /* DispatchQueueAttrMakeWithQosClassTest.m */,
				60FEDAA920FFA07D001B48A0 /* RuntimeTest.h */,
				60FEDAAA20FFA07D001B48A0 /* RuntimeTest.m */,
				609303EA21333A53003293F4 /* MAXConcurrentDictionary.h */,
				609303ED213361F3003293F4 /* MAXConcurrentDictionaryTest.h */,
				609303EE213361F3003293F4 /* MAXConcurrentDictionaryTest.m */,
				609303EB21333A53003293F4 /* MAXConcurrentDictionary.m */,
				609303FE2146909A003293F4 /* RunLoopCreateThread.h */,
				609303FF2146909A003293F4 /* RunLoopCreateThread.m */,
				603AC83E21CEC4330046FA97 /* GRScheduleBlock.h */,
				603AC83F21CEC4330046FA97 /* GRScheduleBlock.m */,
				603AC84121D169360046FA97 /* AddDelegateToQueue.h */,
				603AC84221D169360046FA97 /* AddDelegateToQueue.m */,
				603AC84421D306E60046FA97 /* ForwardInvocationTest.h */,
				603AC84521D306E60046FA97 /* ForwardInvocationTest.m */,
				3DAA8B09207B05160089BB60 /* PrefixHeader.pch */,
			);
			path = LC;
			sourceTree = "<group>";
		};
/* End PBXGroup section */

/* Begin PBXNativeTarget section */
		3DAA8AF8207B01E10089BB60 /* LC */ = {
			isa = PBXNativeTarget;
			buildConfigurationList = 3DAA8B00207B01E10089BB60 /* Build configuration list for PBXNativeTarget "LC" */;
			buildPhases = (
				3DAA8AF5207B01E10089BB60 /* Sources */,
				3DAA8AF6207B01E10089BB60 /* Frameworks */,
				3DAA8AF7207B01E10089BB60 /* CopyFiles */,
			);
			buildRules = (
			);
			dependencies = (
			);
			name = LC;
			productName = LC;
			productReference = 3DAA8AF9207B01E10089BB60 /* LC */;
			productType = "com.apple.product-type.tool";
		};
/* End PBXNativeTarget section */

/* Begin PBXProject section */
		3DAA8AF1207B01E10089BB60 /* Project object */ = {
			isa = PBXProject;
			attributes = {
				LastUpgradeCheck = 0930;
				ORGANIZATIONNAME = ULS;
				TargetAttributes = {
					3DAA8AF8207B01E10089BB60 = {
						CreatedOnToolsVersion = 9.2;
						ProvisioningStyle = Automatic;
					};
				};
			};
			buildConfigurationList = 3DAA8AF4207B01E10089BB60 /* Build configuration list for PBXProject "LC" */;
			compatibilityVersion = "Xcode 8.0";
			developmentRegion = en;
			hasScannedForEncodings = 0;
			knownRegions = (
				en,
			);
			mainGroup = 3DAA8AF0207B01E10089BB60;
			productRefGroup = 3DAA8AFA207B01E10089BB60 /* Products */;
			projectDirPath = "";
			projectRoot = "";
			targets = (
				3DAA8AF8207B01E10089BB60 /* LC */,
			);
		};
/* End PBXProject section */

/* Begin PBXSourcesBuildPhase section */
		3DAA8AF5207B01E10089BB60 /* Sources */ = {
			isa = PBXSourcesBuildPhase;
			buildActionMask = 2147483647;
			files = (
				60D74CCD20DAF56B003E410C /* MobileFormingQ1UnitTest.m in Sources */,
				6007CD8320AF400700D1E5FA /* DispatchApplyTest.m in Sources */,
				3DAA8B15207D405B0089BB60 /* LC36.m in Sources */,
				6007CD8C20AF793000D1E5FA /* DispatchBlockWaitTest.m in Sources */,
				3DAA8B0F207C97F70089BB60 /* LC48.m in Sources */,
				60EB8EEC20A218D900CECBDB /* NSInvocationOperationTest.m in Sources */,
				6085A4A720E5F6D000B7B29A /* NSObject+GZObjectCategory.m in Sources */,
				60E421B820A41ECE00C1286F /* OSSpinLockTest.m in Sources */,
				3DAA7B34207FF1630053109A /* GCDTest.m in Sources */,
				60FEDAAE2105C913001B48A0 /* DispatchQueueAttrMakeWithQosClassTest.m in Sources */,
				60E421BE20A4BA4100C1286F /* RunloopTest.m in Sources */,
				602B963320C36E71001D20B4 /* DispatchQueueConcurrentTest.m in Sources */,
				60EB8EE920A19D4C00CECBDB /* NSBlockOperationTest.m in Sources */,
				3DAA8B05207B022C0089BB60 /* LC.m in Sources */,
				6007CD8F20AF7A3000D1E5FA /* DispatchBlockNotifyTest.m in Sources */,
				6007CD3720A882C200D1E5FA /* LC179.m in Sources */,
				608D214220CD798F003C3C3B /* DispatchSyncDeadLockTest.m in Sources */,
				3D19364C207E408000490F8D /* BlockTest.m in Sources */,
				60FEDAA820FE3EA2001B48A0 /* RespondsToSelectorTest.m in Sources */,
				6007CD8020AE7D2400D1E5FA /* DispatchBarrierAsyncTest.m in Sources */,
				602B963020C3657E001D20B4 /* DispatchAfterTest.m in Sources */,
				6007CD8620AF41EF00D1E5FA /* DispatchGroupAsyncTest.m in Sources */,
				609304002146909A003293F4 /* RunLoopCreateThread.m in Sources */,
				6007CD8920AF77B300D1E5FA /* DispatchBlockTest.m in Sources */,
				6007CD7D20AE7A3D00D1E5FA /* DispatchQueueTTest.m in Sources */,
				608D214E20D2A8B5003C3C3B /* ThreadSafeNSMutableArrayTest.m in Sources */,
				3DAA8AFD207B01E10089BB60 /* main.m in Sources */,
				603AC84021CEC4330046FA97 /* GRScheduleBlock.m in Sources */,
				608D214820D011D4003C3C3B /* DipatchQueueAttrMakeWithQosClassTest.m in Sources */,
				60E421BB20A4210A00C1286F /* OsUnfairLockTest.m in Sources */,
				609303EC21333A53003293F4 /* MAXConcurrentDictionary.m in Sources */,
				6007CD9220AF7ACB00D1E5FA /* DispatchBlockCancel.m in Sources */,
				602B963620C37105001D20B4 /* PerformSelectorTest.m in Sources */,
				603AC84621D306E60046FA97 /* ForwardInvocationTest.m in Sources */,
				609303EF213361F3003293F4 /* MAXConcurrentDictionaryTest.m in Sources */,
				3DAA7B31207F054B0053109A /* RetainCount.m in Sources */,
				608D214B20D1C7D6003C3C3B /* DispatchAyncSyncTest.m in Sources */,
				6085A4A320E48BD400B7B29A /* DispatchAfterCounterTest.m in Sources */,
				60D74C8C20DAF02E003E410C /* MobileFormingQ1Test.m in Sources */,
				60FEDAAB20FFA07D001B48A0 /* RuntimeTest.m in Sources */,
				3DAA8B08207B02400089BB60 /* LC42.m in Sources */,
				603AC84321D169360046FA97 /* AddDelegateToQueue.m in Sources */,
				60D74CD020DB1BCA003E410C /* MobileFormingQ4Test.m in Sources */,
				608D214520CFAA2C003C3C3B /* ThreadSafeNSMutableArray.m in Sources */,
			);
			runOnlyForDeploymentPostprocessing = 0;
		};
/* End PBXSourcesBuildPhase section */

/* Begin XCBuildConfiguration section */
		3DAA8AFE207B01E10089BB60 /* Debug */ = {
			isa = XCBuildConfiguration;
			buildSettings = {
				ALWAYS_SEARCH_USER_PATHS = NO;
				CLANG_ANALYZER_NONNULL = YES;
				CLANG_ANALYZER_NUMBER_OBJECT_CONVERSION = YES_AGGRESSIVE;
				CLANG_CXX_LANGUAGE_STANDARD = "gnu++14";
				CLANG_CXX_LIBRARY = "libc++";
				CLANG_ENABLE_MODULES = YES;
				CLANG_ENABLE_OBJC_ARC = YES;
				CLANG_WARN_BLOCK_CAPTURE_AUTORELEASING = YES;
				CLANG_WARN_BOOL_CONVERSION = YES;
				CLANG_WARN_COMMA = YES;
				CLANG_WARN_CONSTANT_CONVERSION = YES;
				CLANG_WARN_DEPRECATED_OBJC_IMPLEMENTATIONS = YES;
				CLANG_WARN_DIRECT_OBJC_ISA_USAGE = YES_ERROR;
				CLANG_WARN_DOCUMENTATION_COMMENTS = YES;
				CLANG_WARN_EMPTY_BODY = YES;
				CLANG_WARN_ENUM_CONVERSION = YES;
				CLANG_WARN_INFINITE_RECURSION = YES;
				CLANG_WARN_INT_CONVERSION = YES;
				CLANG_WARN_NON_LITERAL_NULL_CONVERSION = YES;
				CLANG_WARN_OBJC_IMPLICIT_RETAIN_SELF = YES;
				CLANG_WARN_OBJC_LITERAL_CONVERSION = YES;
				CLANG_WARN_OBJC_ROOT_CLASS = YES_ERROR;
				CLANG_WARN_RANGE_LOOP_ANALYSIS = YES;
				CLANG_WARN_STRICT_PROTOTYPES = YES;
				CLANG_WARN_SUSPICIOUS_MOVE = YES;
				CLANG_WARN_UNGUARDED_AVAILABILITY = YES_AGGRESSIVE;
				CLANG_WARN_UNREACHABLE_CODE = YES;
				CLANG_WARN__DUPLICATE_METHOD_MATCH = YES;
				CODE_SIGN_IDENTITY = "Mac Developer";
				COPY_PHASE_STRIP = NO;
				DEBUG_INFORMATION_FORMAT = dwarf;
				ENABLE_STRICT_OBJC_MSGSEND = YES;
				ENABLE_TESTABILITY = YES;
				GCC_C_LANGUAGE_STANDARD = gnu11;
				GCC_DYNAMIC_NO_PIC = NO;
				GCC_NO_COMMON_BLOCKS = YES;
				GCC_OPTIMIZATION_LEVEL = 0;
				GCC_PREPROCESSOR_DEFINITIONS = (
					"DEBUG=1",
					"$(inherited)",
				);
				GCC_WARN_64_TO_32_BIT_CONVERSION = YES;
				GCC_WARN_ABOUT_RETURN_TYPE = YES_ERROR;
				GCC_WARN_UNDECLARED_SELECTOR = YES;
				GCC_WARN_UNINITIALIZED_AUTOS = YES_AGGRESSIVE;
				GCC_WARN_UNUSED_FUNCTION = YES;
				GCC_WARN_UNUSED_VARIABLE = YES;
				MACOSX_DEPLOYMENT_TARGET = 10.12;
				MTL_ENABLE_DEBUG_INFO = YES;
				ONLY_ACTIVE_ARCH = YES;
				SDKROOT = macosx;
			};
			name = Debug;
		};
		3DAA8AFF207B01E10089BB60 /* Release */ = {
			isa = XCBuildConfiguration;
			buildSettings = {
				ALWAYS_SEARCH_USER_PATHS = NO;
				CLANG_ANALYZER_NONNULL = YES;
				CLANG_ANALYZER_NUMBER_OBJECT_CONVERSION = YES_AGGRESSIVE;
				CLANG_CXX_LANGUAGE_STANDARD = "gnu++14";
				CLANG_CXX_LIBRARY = "libc++";
				CLANG_ENABLE_MODULES = YES;
				CLANG_ENABLE_OBJC_ARC = YES;
				CLANG_WARN_BLOCK_CAPTURE_AUTORELEASING = YES;
				CLANG_WARN_BOOL_CONVERSION = YES;
				CLANG_WARN_COMMA = YES;
				CLANG_WARN_CONSTANT_CONVERSION = YES;
				CLANG_WARN_DEPRECATED_OBJC_IMPLEMENTATIONS = YES;
				CLANG_WARN_DIRECT_OBJC_ISA_USAGE = YES_ERROR;
				CLANG_WARN_DOCUMENTATION_COMMENTS = YES;
				CLANG_WARN_EMPTY_BODY = YES;
				CLANG_WARN_ENUM_CONVERSION = YES;
				CLANG_WARN_INFINITE_RECURSION = YES;
				CLANG_WARN_INT_CONVERSION = YES;
				CLANG_WARN_NON_LITERAL_NULL_CONVERSION = YES;
				CLANG_WARN_OBJC_IMPLICIT_RETAIN_SELF = YES;
				CLANG_WARN_OBJC_LITERAL_CONVERSION = YES;
				CLANG_WARN_OBJC_ROOT_CLASS = YES_ERROR;
				CLANG_WARN_RANGE_LOOP_ANALYSIS = YES;
				CLANG_WARN_STRICT_PROTOTYPES = YES;
				CLANG_WARN_SUSPICIOUS_MOVE = YES;
				CLANG_WARN_UNGUARDED_AVAILABILITY = YES_AGGRESSIVE;
				CLANG_WARN_UNREACHABLE_CODE = YES;
				CLANG_WARN__DUPLICATE_METHOD_MATCH = YES;
				CODE_SIGN_IDENTITY = "Mac Developer";
				COPY_PHASE_STRIP = NO;
				DEBUG_INFORMATION_FORMAT = "dwarf-with-dsym";
				ENABLE_NS_ASSERTIONS = NO;
				ENABLE_STRICT_OBJC_MSGSEND = YES;
				GCC_C_LANGUAGE_STANDARD = gnu11;
				GCC_NO_COMMON_BLOCKS = YES;
				GCC_WARN_64_TO_32_BIT_CONVERSION = YES;
				GCC_WARN_ABOUT_RETURN_TYPE = YES_ERROR;
				GCC_WARN_UNDECLARED_SELECTOR = YES;
				GCC_WARN_UNINITIALIZED_AUTOS = YES_AGGRESSIVE;
				GCC_WARN_UNUSED_FUNCTION = YES;
				GCC_WARN_UNUSED_VARIABLE = YES;
				MACOSX_DEPLOYMENT_TARGET = 10.12;
				MTL_ENABLE_DEBUG_INFO = NO;
				SDKROOT = macosx;
			};
			name = Release;
		};
		3DAA8B01207B01E10089BB60 /* Debug */ = {
			isa = XCBuildConfiguration;
			buildSettings = {
				CLANG_ENABLE_OBJC_ARC = YES;
				CODE_SIGN_STYLE = Automatic;
				DEVELOPMENT_TEAM = X92HRP6SLX;
				FRAMEWORK_SEARCH_PATHS = "$(PLATFORM_DIR)/Developer/Library/Frameworks";
				GCC_PRECOMPILE_PREFIX_HEADER = YES;
				GCC_PREFIX_HEADER = "$(SRCROOT)/$(PROJECT_NAME)/PrefixHeader.pch";
				PRODUCT_NAME = "$(TARGET_NAME)";
			};
			name = Debug;
		};
		3DAA8B02207B01E10089BB60 /* Release */ = {
			isa = XCBuildConfiguration;
			buildSettings = {
				CLANG_ENABLE_OBJC_ARC = YES;
				CODE_SIGN_STYLE = Automatic;
				DEVELOPMENT_TEAM = X92HRP6SLX;
				FRAMEWORK_SEARCH_PATHS = "$(PLATFORM_DIR)/Developer/Library/Frameworks";
				GCC_PRECOMPILE_PREFIX_HEADER = YES;
				GCC_PREFIX_HEADER = "$(SRCROOT)/$(PROJECT_NAME)/PrefixHeader.pch";
				PRODUCT_NAME = "$(TARGET_NAME)";
			};
			name = Release;
		};
/* End XCBuildConfiguration section */

/* Begin XCConfigurationList section */
		3DAA8AF4207B01E10089BB60 /* Build configuration list for PBXProject "LC" */ = {
			isa = XCConfigurationList;
			buildConfigurations = (
				3DAA8AFE207B01E10089BB60 /* Debug */,
				3DAA8AFF207B01E10089BB60 /* Release */,
			);
			defaultConfigurationIsVisible = 0;
			defaultConfigurationName = Release;
		};
		3DAA8B00207B01E10089BB60 /* Build configuration list for PBXNativeTarget "LC" */ = {
			isa = XCConfigurationList;
			buildConfigurations = (
				3DAA8B01207B01E10089BB60 /* Debug */,
				3DAA8B02207B01E10089BB60 /* Release */,
			);
			defaultConfigurationIsVisible = 0;
			defaultConfigurationName = Release;
		};
/* End XCConfigurationList section */
	};
	rootObject = 3DAA8AF1207B01E10089BB60 /* Project object */;
}
