// !$*UTF8*$!
{
	archiveVersion = 1;
	classes = {
	};
	objectVersion = 48;
	objects = {

/* Begin PBXBuildFile section */
		3D3592122061EE7D0025AB8D /* main.m in Sources */ = {isa = PBXBuildFile; fileRef = 3D3592112061EE7D0025AB8D /* main.m */; };
		3D35921A2061EEED0025AB8D /* ListNode.m in Sources */ = {isa = PBXBuildFile; fileRef = 3D3592192061EEED0025AB8D /* ListNode.m */; };
		3D35921D2061EF900025AB8D /* LC.m in Sources */ = {isa = PBXBuildFile; fileRef = 3D35921C2061EF900025AB8D /* LC.m */; };
		3D3592202061EFCB0025AB8D /* LC999.m in Sources */ = {isa = PBXBuildFile; fileRef = 3D35921F2061EFCB0025AB8D /* LC999.m */; };
		3D35923020673C680025AB8D /* LC124.m in Sources */ = {isa = PBXBuildFile; fileRef = 3D35922F20673C680025AB8D /* LC124.m */; };
		84746D18206C2D2400638F75 /* LC129.m in Sources */ = {isa = PBXBuildFile; fileRef = 84746D17206C2D2400638F75 /* LC129.m */; };
		84746D1B206C3A4300638F75 /* LC105.m in Sources */ = {isa = PBXBuildFile; fileRef = 84746D1A206C3A4300638F75 /* LC105.m */; };
		84B34DAC206319940030729D /* LC111.m in Sources */ = {isa = PBXBuildFile; fileRef = 84B34DAB206319940030729D /* LC111.m */; };
		84B34DAF206319E60030729D /* TreeNode.m in Sources */ = {isa = PBXBuildFile; fileRef = 84B34DAE206319E60030729D /* TreeNode.m */; };
		84B34DB220631AF80030729D /* LCTreeNode.m in Sources */ = {isa = PBXBuildFile; fileRef = 84B34DB020631AF80030729D /* LCTreeNode.m */; };
/* End PBXBuildFile section */

/* Begin PBXCopyFilesBuildPhase section */
		3D35920C2061EE7D0025AB8D /* CopyFiles */ = {
			isa = PBXCopyFilesBuildPhase;
			buildActionMask = 2147483647;
			dstPath = /usr/share/man/man1/;
			dstSubfolderSpec = 0;
			files = (
			);
			runOnlyForDeploymentPostprocessing = 1;
		};
/* End PBXCopyFilesBuildPhase section */

/* Begin PBXFileReference section */
		3D35920E2061EE7D0025AB8D /* LC */ = {isa = PBXFileReference; explicitFileType = "compiled.mach-o.executable"; includeInIndex = 0; path = LC; sourceTree = BUILT_PRODUCTS_DIR; };
		3D3592112061EE7D0025AB8D /* main.m */ = {isa = PBXFileReference; lastKnownFileType = sourcecode.c.objc; path = main.m; sourceTree = "<group>"; };
		3D3592182061EEEC0025AB8D /* ListNode.h */ = {isa = PBXFileReference; fileEncoding = 4; lastKnownFileType = sourcecode.c.h; path = ListNode.h; sourceTree = "<group>"; };
		3D3592192061EEED0025AB8D /* ListNode.m */ = {isa = PBXFileReference; fileEncoding = 4; lastKnownFileType = sourcecode.c.objc; path = ListNode.m; sourceTree = "<group>"; };
		3D35921B2061EF900025AB8D /* LC.h */ = {isa = PBXFileReference; fileEncoding = 4; lastKnownFileType = sourcecode.c.h; path = LC.h; sourceTree = "<group>"; };
		3D35921C2061EF900025AB8D /* LC.m */ = {isa = PBXFileReference; fileEncoding = 4; lastKnownFileType = sourcecode.c.objc; path = LC.m; sourceTree = "<group>"; };
		3D35921E2061EFCB0025AB8D /* LC999.h */ = {isa = PBXFileReference; lastKnownFileType = sourcecode.c.h; path = LC999.h; sourceTree = "<group>"; };
		3D35921F2061EFCB0025AB8D /* LC999.m */ = {isa = PBXFileReference; lastKnownFileType = sourcecode.c.objc; path = LC999.m; sourceTree = "<group>"; };
		3D35922120621F150025AB8D /* PrefixHeader.pch */ = {isa = PBXFileReference; fileEncoding = 4; lastKnownFileType = sourcecode.c.h; path = PrefixHeader.pch; sourceTree = "<group>"; };
		3D35922E20673C680025AB8D /* LC124.h */ = {isa = PBXFileReference; lastKnownFileType = sourcecode.c.h; path = LC124.h; sourceTree = "<group>"; };
		3D35922F20673C680025AB8D /* LC124.m */ = {isa = PBXFileReference; lastKnownFileType = sourcecode.c.objc; path = LC124.m; sourceTree = "<group>"; };
		84746D16206C2D2400638F75 /* LC129.h */ = {isa = PBXFileReference; lastKnownFileType = sourcecode.c.h; path = LC129.h; sourceTree = "<group>"; };
		84746D17206C2D2400638F75 /* LC129.m */ = {isa = PBXFileReference; lastKnownFileType = sourcecode.c.objc; path = LC129.m; sourceTree = "<group>"; };
		84746D19206C3A4300638F75 /* LC105.h */ = {isa = PBXFileReference; lastKnownFileType = sourcecode.c.h; path = LC105.h; sourceTree = "<group>"; };
		84746D1A206C3A4300638F75 /* LC105.m */ = {isa = PBXFileReference; lastKnownFileType = sourcecode.c.objc; path = LC105.m; sourceTree = "<group>"; };
		84B34DAA206319940030729D /* LC111.h */ = {isa = PBXFileReference; lastKnownFileType = sourcecode.c.h; path = LC111.h; sourceTree = "<group>"; };
		84B34DAB206319940030729D /* LC111.m */ = {isa = PBXFileReference; lastKnownFileType = sourcecode.c.objc; path = LC111.m; sourceTree = "<group>"; };
		84B34DAD206319E60030729D /* TreeNode.h */ = {isa = PBXFileReference; fileEncoding = 4; lastKnownFileType = sourcecode.c.h; path = TreeNode.h; sourceTree = "<group>"; };
		84B34DAE206319E60030729D /* TreeNode.m */ = {isa = PBXFileReference; fileEncoding = 4; lastKnownFileType = sourcecode.c.objc; path = TreeNode.m; sourceTree = "<group>"; };
		84B34DB020631AF80030729D /* LCTreeNode.m */ = {isa = PBXFileReference; fileEncoding = 4; lastKnownFileType = sourcecode.c.objc; path = LCTreeNode.m; sourceTree = "<group>"; };
		84B34DB120631AF80030729D /* LCTreeNode.h */ = {isa = PBXFileReference; fileEncoding = 4; lastKnownFileType = sourcecode.c.h; path = LCTreeNode.h; sourceTree = "<group>"; };
/* End PBXFileReference section */

/* Begin PBXFrameworksBuildPhase section */
		3D35920B2061EE7D0025AB8D /* Frameworks */ = {
			isa = PBXFrameworksBuildPhase;
			buildActionMask = 2147483647;
			files = (
			);
			runOnlyForDeploymentPostprocessing = 0;
		};
/* End PBXFrameworksBuildPhase section */

/* Begin PBXGroup section */
		3D3592052061EE7D0025AB8D = {
			isa = PBXGroup;
			children = (
				3D3592102061EE7D0025AB8D /* LC */,
				3D35920F2061EE7D0025AB8D /* Products */,
			);
			sourceTree = "<group>";
		};
		3D35920F2061EE7D0025AB8D /* Products */ = {
			isa = PBXGroup;
			children = (
				3D35920E2061EE7D0025AB8D /* LC */,
			);
			name = Products;
			sourceTree = "<group>";
		};
		3D3592102061EE7D0025AB8D /* LC */ = {
			isa = PBXGroup;
			children = (
				3D3592112061EE7D0025AB8D /* main.m */,
				84B34DB120631AF80030729D /* LCTreeNode.h */,
				84B34DB020631AF80030729D /* LCTreeNode.m */,
				3D3592182061EEEC0025AB8D /* ListNode.h */,
				3D3592192061EEED0025AB8D /* ListNode.m */,
				84B34DAD206319E60030729D /* TreeNode.h */,
				84B34DAE206319E60030729D /* TreeNode.m */,
				3D35921B2061EF900025AB8D /* LC.h */,
				3D35921C2061EF900025AB8D /* LC.m */,
				3D35921E2061EFCB0025AB8D /* LC999.h */,
				3D35921F2061EFCB0025AB8D /* LC999.m */,
				84B34DAA206319940030729D /* LC111.h */,
				84B34DAB206319940030729D /* LC111.m */,
				3D35922E20673C680025AB8D /* LC124.h */,
				3D35922F20673C680025AB8D /* LC124.m */,
				84746D16206C2D2400638F75 /* LC129.h */,
				84746D17206C2D2400638F75 /* LC129.m */,
				84746D19206C3A4300638F75 /* LC105.h */,
				84746D1A206C3A4300638F75 /* LC105.m */,
				3D35922120621F150025AB8D /* PrefixHeader.pch */,
			);
			path = LC;
			sourceTree = "<group>";
		};
/* End PBXGroup section */

/* Begin PBXNativeTarget section */
		3D35920D2061EE7D0025AB8D /* LC */ = {
			isa = PBXNativeTarget;
			buildConfigurationList = 3D3592152061EE7D0025AB8D /* Build configuration list for PBXNativeTarget "LC" */;
			buildPhases = (
				3D35920A2061EE7D0025AB8D /* Sources */,
				3D35920B2061EE7D0025AB8D /* Frameworks */,
				3D35920C2061EE7D0025AB8D /* CopyFiles */,
			);
			buildRules = (
			);
			dependencies = (
			);
			name = LC;
			productName = LC;
			productReference = 3D35920E2061EE7D0025AB8D /* LC */;
			productType = "com.apple.product-type.tool";
		};
/* End PBXNativeTarget section */

/* Begin PBXProject section */
		3D3592062061EE7D0025AB8D /* Project object */ = {
			isa = PBXProject;
			attributes = {
				LastUpgradeCheck = 0920;
				ORGANIZATIONNAME = ULS;
				TargetAttributes = {
					3D35920D2061EE7D0025AB8D = {
						CreatedOnToolsVersion = 9.2;
						ProvisioningStyle = Automatic;
					};
				};
			};
			buildConfigurationList = 3D3592092061EE7D0025AB8D /* Build configuration list for PBXProject "LC" */;
			compatibilityVersion = "Xcode 8.0";
			developmentRegion = en;
			hasScannedForEncodings = 0;
			knownRegions = (
				en,
			);
			mainGroup = 3D3592052061EE7D0025AB8D;
			productRefGroup = 3D35920F2061EE7D0025AB8D /* Products */;
			projectDirPath = "";
			projectRoot = "";
			targets = (
				3D35920D2061EE7D0025AB8D /* LC */,
			);
		};
/* End PBXProject section */

/* Begin PBXSourcesBuildPhase section */
		3D35920A2061EE7D0025AB8D /* Sources */ = {
			isa = PBXSourcesBuildPhase;
			buildActionMask = 2147483647;
			files = (
				3D35923020673C680025AB8D /* LC124.m in Sources */,
				84746D1B206C3A4300638F75 /* LC105.m in Sources */,
				3D3592202061EFCB0025AB8D /* LC999.m in Sources */,
				3D35921D2061EF900025AB8D /* LC.m in Sources */,
				3D3592122061EE7D0025AB8D /* main.m in Sources */,
				84B34DB220631AF80030729D /* LCTreeNode.m in Sources */,
				3D35921A2061EEED0025AB8D /* ListNode.m in Sources */,
				84746D18206C2D2400638F75 /* LC129.m in Sources */,
				84B34DAC206319940030729D /* LC111.m in Sources */,
				84B34DAF206319E60030729D /* TreeNode.m in Sources */,
			);
			runOnlyForDeploymentPostprocessing = 0;
		};
/* End PBXSourcesBuildPhase section */

/* Begin XCBuildConfiguration section */
		3D3592132061EE7D0025AB8D /* Debug */ = {
			isa = XCBuildConfiguration;
			buildSettings = {
				ALWAYS_SEARCH_USER_PATHS = NO;
				CLANG_ANALYZER_NONNULL = YES;
				CLANG_ANALYZER_NUMBER_OBJECT_CONVERSION = YES_AGGRESSIVE;
				CLANG_CXX_LANGUAGE_STANDARD = "gnu++14";
				CLANG_CXX_LIBRARY = "libc++";
				CLANG_ENABLE_MODULES = YES;
				CLANG_ENABLE_OBJC_ARC = YES;
				CLANG_WARN_BLOCK_CAPTURE_AUTORELEASING = YES;
				CLANG_WARN_BOOL_CONVERSION = YES;
				CLANG_WARN_COMMA = YES;
				CLANG_WARN_CONSTANT_CONVERSION = YES;
				CLANG_WARN_DIRECT_OBJC_ISA_USAGE = YES_ERROR;
				CLANG_WARN_DOCUMENTATION_COMMENTS = YES;
				CLANG_WARN_EMPTY_BODY = YES;
				CLANG_WARN_ENUM_CONVERSION = YES;
				CLANG_WARN_INFINITE_RECURSION = YES;
				CLANG_WARN_INT_CONVERSION = YES;
				CLANG_WARN_NON_LITERAL_NULL_CONVERSION = YES;
				CLANG_WARN_OBJC_LITERAL_CONVERSION = YES;
				CLANG_WARN_OBJC_ROOT_CLASS = YES_ERROR;
				CLANG_WARN_RANGE_LOOP_ANALYSIS = YES;
				CLANG_WARN_STRICT_PROTOTYPES = YES;
				CLANG_WARN_SUSPICIOUS_MOVE = YES;
				CLANG_WARN_UNGUARDED_AVAILABILITY = YES_AGGRESSIVE;
				CLANG_WARN_UNREACHABLE_CODE = YES;
				CLANG_WARN__DUPLICATE_METHOD_MATCH = YES;
				CODE_SIGN_IDENTITY = "Mac Developer";
				COPY_PHASE_STRIP = NO;
				DEBUG_INFORMATION_FORMAT = dwarf;
				ENABLE_STRICT_OBJC_MSGSEND = YES;
				ENABLE_TESTABILITY = YES;
				GCC_C_LANGUAGE_STANDARD = gnu11;
				GCC_DYNAMIC_NO_PIC = NO;
				GCC_NO_COMMON_BLOCKS = YES;
				GCC_OPTIMIZATION_LEVEL = 0;
				GCC_PRECOMPILE_PREFIX_HEADER = YES;
				GCC_PREFIX_HEADER = "$(SRCROOT)/$(PROJECT_NAME)/PrefixHeader.pch";
				GCC_PREPROCESSOR_DEFINITIONS = (
					"DEBUG=1",
					"$(inherited)",
				);
				GCC_WARN_64_TO_32_BIT_CONVERSION = YES;
				GCC_WARN_ABOUT_RETURN_TYPE = YES_ERROR;
				GCC_WARN_UNDECLARED_SELECTOR = YES;
				GCC_WARN_UNINITIALIZED_AUTOS = YES_AGGRESSIVE;
				GCC_WARN_UNUSED_FUNCTION = YES;
				GCC_WARN_UNUSED_VARIABLE = YES;
				MACOSX_DEPLOYMENT_TARGET = 10.12;
				MTL_ENABLE_DEBUG_INFO = YES;
				ONLY_ACTIVE_ARCH = YES;
				SDKROOT = macosx;
			};
			name = Debug;
		};
		3D3592142061EE7D0025AB8D /* Release */ = {
			isa = XCBuildConfiguration;
			buildSettings = {
				ALWAYS_SEARCH_USER_PATHS = NO;
				CLANG_ANALYZER_NONNULL = YES;
				CLANG_ANALYZER_NUMBER_OBJECT_CONVERSION = YES_AGGRESSIVE;
				CLANG_CXX_LANGUAGE_STANDARD = "gnu++14";
				CLANG_CXX_LIBRARY = "libc++";
				CLANG_ENABLE_MODULES = YES;
				CLANG_ENABLE_OBJC_ARC = YES;
				CLANG_WARN_BLOCK_CAPTURE_AUTORELEASING = YES;
				CLANG_WARN_BOOL_CONVERSION = YES;
				CLANG_WARN_COMMA = YES;
				CLANG_WARN_CONSTANT_CONVERSION = YES;
				CLANG_WARN_DIRECT_OBJC_ISA_USAGE = YES_ERROR;
				CLANG_WARN_DOCUMENTATION_COMMENTS = YES;
				CLANG_WARN_EMPTY_BODY = YES;
				CLANG_WARN_ENUM_CONVERSION = YES;
				CLANG_WARN_INFINITE_RECURSION = YES;
				CLANG_WARN_INT_CONVERSION = YES;
				CLANG_WARN_NON_LITERAL_NULL_CONVERSION = YES;
				CLANG_WARN_OBJC_LITERAL_CONVERSION = YES;
				CLANG_WARN_OBJC_ROOT_CLASS = YES_ERROR;
				CLANG_WARN_RANGE_LOOP_ANALYSIS = YES;
				CLANG_WARN_STRICT_PROTOTYPES = YES;
				CLANG_WARN_SUSPICIOUS_MOVE = YES;
				CLANG_WARN_UNGUARDED_AVAILABILITY = YES_AGGRESSIVE;
				CLANG_WARN_UNREACHABLE_CODE = YES;
				CLANG_WARN__DUPLICATE_METHOD_MATCH = YES;
				CODE_SIGN_IDENTITY = "Mac Developer";
				COPY_PHASE_STRIP = NO;
				DEBUG_INFORMATION_FORMAT = "dwarf-with-dsym";
				ENABLE_NS_ASSERTIONS = NO;
				ENABLE_STRICT_OBJC_MSGSEND = YES;
				GCC_C_LANGUAGE_STANDARD = gnu11;
				GCC_NO_COMMON_BLOCKS = YES;
				GCC_PRECOMPILE_PREFIX_HEADER = YES;
				GCC_PREFIX_HEADER = "$(SRCROOT)/$(PROJECT_NAME)/PrefixHeader.pch";
				GCC_WARN_64_TO_32_BIT_CONVERSION = YES;
				GCC_WARN_ABOUT_RETURN_TYPE = YES_ERROR;
				GCC_WARN_UNDECLARED_SELECTOR = YES;
				GCC_WARN_UNINITIALIZED_AUTOS = YES_AGGRESSIVE;
				GCC_WARN_UNUSED_FUNCTION = YES;
				GCC_WARN_UNUSED_VARIABLE = YES;
				MACOSX_DEPLOYMENT_TARGET = 10.12;
				MTL_ENABLE_DEBUG_INFO = NO;
				SDKROOT = macosx;
			};
			name = Release;
		};
		3D3592162061EE7D0025AB8D /* Debug */ = {
			isa = XCBuildConfiguration;
			buildSettings = {
				CODE_SIGN_STYLE = Automatic;
				DEVELOPMENT_TEAM = X92HRP6SLX;
				PRODUCT_NAME = "$(TARGET_NAME)";
			};
			name = Debug;
		};
		3D3592172061EE7D0025AB8D /* Release */ = {
			isa = XCBuildConfiguration;
			buildSettings = {
				CODE_SIGN_STYLE = Automatic;
				DEVELOPMENT_TEAM = X92HRP6SLX;
				PRODUCT_NAME = "$(TARGET_NAME)";
			};
			name = Release;
		};
/* End XCBuildConfiguration section */

/* Begin XCConfigurationList section */
		3D3592092061EE7D0025AB8D /* Build configuration list for PBXProject "LC" */ = {
			isa = XCConfigurationList;
			buildConfigurations = (
				3D3592132061EE7D0025AB8D /* Debug */,
				3D3592142061EE7D0025AB8D /* Release */,
			);
			defaultConfigurationIsVisible = 0;
			defaultConfigurationName = Release;
		};
		3D3592152061EE7D0025AB8D /* Build configuration list for PBXNativeTarget "LC" */ = {
			isa = XCConfigurationList;
			buildConfigurations = (
				3D3592162061EE7D0025AB8D /* Debug */,
				3D3592172061EE7D0025AB8D /* Release */,
			);
			defaultConfigurationIsVisible = 0;
			defaultConfigurationName = Release;
		};
/* End XCConfigurationList section */
	};
	rootObject = 3D3592062061EE7D0025AB8D /* Project object */;
}
